// !$*UTF8*$!
{
	archiveVersion = 1;
	classes = {
	};
	objectVersion = 46;
	objects = {

/* Begin PBXBuildFile section */
		7C1A68AF195003A500E6B9E7 /* PhotoViewController.m in Sources */ = {isa = PBXBuildFile; fileRef = 7C1A68AE195003A500E6B9E7 /* PhotoViewController.m */; };
		C2C297C8F75448CCA30226F9 /* libPods.a in Frameworks */ = {isa = PBXBuildFile; fileRef = 8B107697AF0D4FE69053C454 /* libPods.a */; };
		F04170EF19532515000AFBC7 /* VPImageCropperViewController.m in Sources */ = {isa = PBXBuildFile; fileRef = F04170EE19532515000AFBC7 /* VPImageCropperViewController.m */; };
		F0A43CA5195E9C3D00DC0C27 /* BaseAnimation.m in Sources */ = {isa = PBXBuildFile; fileRef = F0A43C93195E9C3D00DC0C27 /* BaseAnimation.m */; };
		F0A43CA6195E9C3D00DC0C27 /* M2Cell.m in Sources */ = {isa = PBXBuildFile; fileRef = F0A43C95195E9C3D00DC0C27 /* M2Cell.m */; };
		F0A43CA7195E9C3D00DC0C27 /* M2GameManager.m in Sources */ = {isa = PBXBuildFile; fileRef = F0A43C97195E9C3D00DC0C27 /* M2GameManager.m */; };
		F0A43CA8195E9C3D00DC0C27 /* M2GlobalState.m in Sources */ = {isa = PBXBuildFile; fileRef = F0A43C99195E9C3D00DC0C27 /* M2GlobalState.m */; };
		F0A43CA9195E9C3D00DC0C27 /* M2Grid.m in Sources */ = {isa = PBXBuildFile; fileRef = F0A43C9B195E9C3D00DC0C27 /* M2Grid.m */; };
		F0A43CAA195E9C3D00DC0C27 /* M2Scene.m in Sources */ = {isa = PBXBuildFile; fileRef = F0A43C9E195E9C3D00DC0C27 /* M2Scene.m */; };
		F0A43CAC195E9C3D00DC0C27 /* M2Theme.m in Sources */ = {isa = PBXBuildFile; fileRef = F0A43CA2195E9C3D00DC0C27 /* M2Theme.m */; };
		F0A43CAD195E9C3D00DC0C27 /* M2Tile.m in Sources */ = {isa = PBXBuildFile; fileRef = F0A43CA4195E9C3D00DC0C27 /* M2Tile.m */; };
		F0A43CB1195E9DEA00DC0C27 /* UILabel+QM_Category.m in Sources */ = {isa = PBXBuildFile; fileRef = F0A43CB0195E9DEA00DC0C27 /* UILabel+QM_Category.m */; };
		F0A43CB5195EA96700DC0C27 /* NCSGameCenter.m in Sources */ = {isa = PBXBuildFile; fileRef = F0A43CB4195EA96700DC0C27 /* NCSGameCenter.m */; settings = {COMPILER_FLAGS = "-fno-objc-arc"; }; };
		F0A43CB9195EC30700DC0C27 /* sound.mp3 in Resources */ = {isa = PBXBuildFile; fileRef = F0A43CB8195EC30600DC0C27 /* sound.mp3 */; };
		F0A43CBC195F065300DC0C27 /* EndGameViewController.m in Sources */ = {isa = PBXBuildFile; fileRef = F0A43CBB195F065300DC0C27 /* EndGameViewController.m */; };
		F0A94745194F187E002CB0B4 /* SoundClass.m in Sources */ = {isa = PBXBuildFile; fileRef = F0A94744194F187E002CB0B4 /* SoundClass.m */; };
		F0ABF31E194D147500D7CF21 /* list.png in Resources */ = {isa = PBXBuildFile; fileRef = F0ABF31C194D147500D7CF21 /* list.png */; };
		F0ABF31F194D147500D7CF21 /* list@2x.png in Resources */ = {isa = PBXBuildFile; fileRef = F0ABF31D194D147500D7CF21 /* list@2x.png */; };
		F0ABF324194D1A5400D7CF21 /* M2Texture.m in Sources */ = {isa = PBXBuildFile; fileRef = F0ABF321194D1A5400D7CF21 /* M2Texture.m */; };
		F0ABF325194D1A5400D7CF21 /* QMLocal.m in Sources */ = {isa = PBXBuildFile; fileRef = F0ABF323194D1A5400D7CF21 /* QMLocal.m */; };
		F0ABF329194D20C700D7CF21 /* VerticalButton.m in Sources */ = {isa = PBXBuildFile; fileRef = F0ABF328194D20C700D7CF21 /* VerticalButton.m */; };
		F0ABF33A194D22F400D7CF21 /* mute.png in Resources */ = {isa = PBXBuildFile; fileRef = F0ABF330194D22F400D7CF21 /* mute.png */; };
		F0ABF33B194D22F400D7CF21 /* mute@2x.png in Resources */ = {isa = PBXBuildFile; fileRef = F0ABF331194D22F400D7CF21 /* mute@2x.png */; };
		F0ABF33C194D22F400D7CF21 /* pictures.png in Resources */ = {isa = PBXBuildFile; fileRef = F0ABF332194D22F400D7CF21 /* pictures.png */; };
		F0ABF33D194D22F400D7CF21 /* pictures@2x.png in Resources */ = {isa = PBXBuildFile; fileRef = F0ABF333194D22F400D7CF21 /* pictures@2x.png */; };
		F0ABF33E194D22F400D7CF21 /* share.png in Resources */ = {isa = PBXBuildFile; fileRef = F0ABF334194D22F400D7CF21 /* share.png */; };
		F0ABF33F194D22F400D7CF21 /* share@2x.png in Resources */ = {isa = PBXBuildFile; fileRef = F0ABF335194D22F400D7CF21 /* share@2x.png */; };
		F0ABF340194D22F400D7CF21 /* sound.png in Resources */ = {isa = PBXBuildFile; fileRef = F0ABF336194D22F400D7CF21 /* sound.png */; };
		F0ABF341194D22F400D7CF21 /* sound@2x.png in Resources */ = {isa = PBXBuildFile; fileRef = F0ABF337194D22F400D7CF21 /* sound@2x.png */; };
		F0ABF342194D22F400D7CF21 /* trophy.png in Resources */ = {isa = PBXBuildFile; fileRef = F0ABF338194D22F400D7CF21 /* trophy.png */; };
		F0ABF343194D22F400D7CF21 /* trophy@2x.png in Resources */ = {isa = PBXBuildFile; fileRef = F0ABF339194D22F400D7CF21 /* trophy@2x.png */; };
		F0ABF346194D255B00D7CF21 /* ListViewController.m in Sources */ = {isa = PBXBuildFile; fileRef = F0ABF345194D255B00D7CF21 /* ListViewController.m */; };
		F0D733E7194C8F4B00AE6C79 /* libGoogleAdMobAds.a in Frameworks */ = {isa = PBXBuildFile; fileRef = F0D733E5194C8F4B00AE6C79 /* libGoogleAdMobAds.a */; };
		F0D733E8194C8F4B00AE6C79 /* README.txt in Resources */ = {isa = PBXBuildFile; fileRef = F0D733E6194C8F4B00AE6C79 /* README.txt */; };
		F0D73407194CA11500AE6C79 /* 1024.png in Resources */ = {isa = PBXBuildFile; fileRef = F0D733EB194CA11500AE6C79 /* 1024.png */; };
		F0D73408194CA11500AE6C79 /* 1024@2x.png in Resources */ = {isa = PBXBuildFile; fileRef = F0D733EC194CA11500AE6C79 /* 1024@2x.png */; };
		F0D73409194CA11500AE6C79 /* 128.png in Resources */ = {isa = PBXBuildFile; fileRef = F0D733ED194CA11500AE6C79 /* 128.png */; };
		F0D7340A194CA11500AE6C79 /* 128@2x.png in Resources */ = {isa = PBXBuildFile; fileRef = F0D733EE194CA11500AE6C79 /* 128@2x.png */; };
		F0D7340B194CA11500AE6C79 /* 16.png in Resources */ = {isa = PBXBuildFile; fileRef = F0D733EF194CA11500AE6C79 /* 16.png */; };
		F0D7340C194CA11500AE6C79 /* 16384.png in Resources */ = {isa = PBXBuildFile; fileRef = F0D733F0194CA11500AE6C79 /* 16384.png */; };
		F0D7340D194CA11500AE6C79 /* 16384@2x.png in Resources */ = {isa = PBXBuildFile; fileRef = F0D733F1194CA11500AE6C79 /* 16384@2x.png */; };
		F0D7340E194CA11500AE6C79 /* 16@2x.png in Resources */ = {isa = PBXBuildFile; fileRef = F0D733F2194CA11500AE6C79 /* 16@2x.png */; };
		F0D7340F194CA11500AE6C79 /* 2.png in Resources */ = {isa = PBXBuildFile; fileRef = F0D733F3194CA11500AE6C79 /* 2.png */; };
		F0D73410194CA11500AE6C79 /* 2048.png in Resources */ = {isa = PBXBuildFile; fileRef = F0D733F4194CA11500AE6C79 /* 2048.png */; };
		F0D73411194CA11500AE6C79 /* 2048@2x.png in Resources */ = {isa = PBXBuildFile; fileRef = F0D733F5194CA11500AE6C79 /* 2048@2x.png */; };
		F0D73412194CA11500AE6C79 /* 256.png in Resources */ = {isa = PBXBuildFile; fileRef = F0D733F6194CA11500AE6C79 /* 256.png */; };
		F0D73413194CA11500AE6C79 /* 256@2x.png in Resources */ = {isa = PBXBuildFile; fileRef = F0D733F7194CA11500AE6C79 /* 256@2x.png */; };
		F0D73414194CA11500AE6C79 /* 2@2x.png in Resources */ = {isa = PBXBuildFile; fileRef = F0D733F8194CA11500AE6C79 /* 2@2x.png */; };
		F0D73415194CA11500AE6C79 /* 32.png in Resources */ = {isa = PBXBuildFile; fileRef = F0D733F9194CA11500AE6C79 /* 32.png */; };
		F0D73416194CA11500AE6C79 /* 32@2x.png in Resources */ = {isa = PBXBuildFile; fileRef = F0D733FA194CA11500AE6C79 /* 32@2x.png */; };
		F0D73417194CA11500AE6C79 /* 4.png in Resources */ = {isa = PBXBuildFile; fileRef = F0D733FB194CA11500AE6C79 /* 4.png */; };
		F0D73418194CA11500AE6C79 /* 4096.png in Resources */ = {isa = PBXBuildFile; fileRef = F0D733FC194CA11500AE6C79 /* 4096.png */; };
		F0D73419194CA11500AE6C79 /* 4096@2x.png in Resources */ = {isa = PBXBuildFile; fileRef = F0D733FD194CA11500AE6C79 /* 4096@2x.png */; };
		F0D7341A194CA11500AE6C79 /* 4@2x.png in Resources */ = {isa = PBXBuildFile; fileRef = F0D733FE194CA11500AE6C79 /* 4@2x.png */; };
		F0D7341B194CA11500AE6C79 /* 512.png in Resources */ = {isa = PBXBuildFile; fileRef = F0D733FF194CA11500AE6C79 /* 512.png */; };
		F0D7341C194CA11500AE6C79 /* 512@2x.png in Resources */ = {isa = PBXBuildFile; fileRef = F0D73400194CA11500AE6C79 /* 512@2x.png */; };
		F0D7341D194CA11500AE6C79 /* 64.png in Resources */ = {isa = PBXBuildFile; fileRef = F0D73401194CA11500AE6C79 /* 64.png */; };
		F0D7341E194CA11500AE6C79 /* 64@2x.png in Resources */ = {isa = PBXBuildFile; fileRef = F0D73402194CA11500AE6C79 /* 64@2x.png */; };
		F0D7341F194CA11500AE6C79 /* 8.png in Resources */ = {isa = PBXBuildFile; fileRef = F0D73403194CA11500AE6C79 /* 8.png */; };
		F0D73420194CA11500AE6C79 /* 8192.png in Resources */ = {isa = PBXBuildFile; fileRef = F0D73404194CA11500AE6C79 /* 8192.png */; };
		F0D73421194CA11500AE6C79 /* 8192@2x.png in Resources */ = {isa = PBXBuildFile; fileRef = F0D73405194CA11500AE6C79 /* 8192@2x.png */; };
		F0D73422194CA11500AE6C79 /* 8@2x.png in Resources */ = {isa = PBXBuildFile; fileRef = F0D73406194CA11500AE6C79 /* 8@2x.png */; };
		F0E2F56B194BFC8F00C3CC92 /* Foundation.framework in Frameworks */ = {isa = PBXBuildFile; fileRef = F0E2F56A194BFC8F00C3CC92 /* Foundation.framework */; };
		F0E2F56D194BFC9000C3CC92 /* CoreGraphics.framework in Frameworks */ = {isa = PBXBuildFile; fileRef = F0E2F56C194BFC9000C3CC92 /* CoreGraphics.framework */; };
		F0E2F56F194BFC9000C3CC92 /* UIKit.framework in Frameworks */ = {isa = PBXBuildFile; fileRef = F0E2F56E194BFC9000C3CC92 /* UIKit.framework */; };
		F0E2F575194BFC9000C3CC92 /* InfoPlist.strings in Resources */ = {isa = PBXBuildFile; fileRef = F0E2F573194BFC9000C3CC92 /* InfoPlist.strings */; };
		F0E2F577194BFC9000C3CC92 /* main.m in Sources */ = {isa = PBXBuildFile; fileRef = F0E2F576194BFC9000C3CC92 /* main.m */; };
		F0E2F57B194BFC9000C3CC92 /* AppDelegate.m in Sources */ = {isa = PBXBuildFile; fileRef = F0E2F57A194BFC9000C3CC92 /* AppDelegate.m */; };
		F0E2F57E194BFC9000C3CC92 /* Main_iPhone.storyboard in Resources */ = {isa = PBXBuildFile; fileRef = F0E2F57C194BFC9000C3CC92 /* Main_iPhone.storyboard */; };
		F0E2F581194BFC9000C3CC92 /* Main_iPad.storyboard in Resources */ = {isa = PBXBuildFile; fileRef = F0E2F57F194BFC9000C3CC92 /* Main_iPad.storyboard */; };
		F0E2F584194BFC9000C3CC92 /* ViewController.m in Sources */ = {isa = PBXBuildFile; fileRef = F0E2F583194BFC9000C3CC92 /* ViewController.m */; };
		F0E2F586194BFC9000C3CC92 /* Images.xcassets in Resources */ = {isa = PBXBuildFile; fileRef = F0E2F585194BFC9000C3CC92 /* Images.xcassets */; };
		F0E2F58D194BFC9000C3CC92 /* XCTest.framework in Frameworks */ = {isa = PBXBuildFile; fileRef = F0E2F58C194BFC9000C3CC92 /* XCTest.framework */; };
		F0E2F58E194BFC9000C3CC92 /* Foundation.framework in Frameworks */ = {isa = PBXBuildFile; fileRef = F0E2F56A194BFC8F00C3CC92 /* Foundation.framework */; };
		F0E2F58F194BFC9000C3CC92 /* UIKit.framework in Frameworks */ = {isa = PBXBuildFile; fileRef = F0E2F56E194BFC9000C3CC92 /* UIKit.framework */; };
		F0E2F597194BFC9000C3CC92 /* InfoPlist.strings in Resources */ = {isa = PBXBuildFile; fileRef = F0E2F595194BFC9000C3CC92 /* InfoPlist.strings */; };
		F0E2F599194BFC9000C3CC92 /* QMPhotoTests.m in Sources */ = {isa = PBXBuildFile; fileRef = F0E2F598194BFC9000C3CC92 /* QMPhotoTests.m */; };
		F0E2F5A4194C14E800C3CC92 /* UIView+Size.m in Sources */ = {isa = PBXBuildFile; fileRef = F0E2F5A3194C14E800C3CC92 /* UIView+Size.m */; };
/* End PBXBuildFile section */

/* Begin PBXContainerItemProxy section */
		F0E2F590194BFC9000C3CC92 /* PBXContainerItemProxy */ = {
			isa = PBXContainerItemProxy;
			containerPortal = F0E2F55F194BFC8F00C3CC92 /* Project object */;
			proxyType = 1;
			remoteGlobalIDString = F0E2F566194BFC8F00C3CC92;
			remoteInfo = QMPhoto;
		};
/* End PBXContainerItemProxy section */

/* Begin PBXFileReference section */
		7C1A68AD195003A500E6B9E7 /* PhotoViewController.h */ = {isa = PBXFileReference; fileEncoding = 4; lastKnownFileType = sourcecode.c.h; path = PhotoViewController.h; sourceTree = "<group>"; };
		7C1A68AE195003A500E6B9E7 /* PhotoViewController.m */ = {isa = PBXFileReference; fileEncoding = 4; lastKnownFileType = sourcecode.c.objc; path = PhotoViewController.m; sourceTree = "<group>"; };
		8B107697AF0D4FE69053C454 /* libPods.a */ = {isa = PBXFileReference; explicitFileType = archive.ar; includeInIndex = 0; path = libPods.a; sourceTree = BUILT_PRODUCTS_DIR; };
		8B9D26CF02734AAC976FE9D8 /* Pods.xcconfig */ = {isa = PBXFileReference; includeInIndex = 1; lastKnownFileType = text.xcconfig; name = Pods.xcconfig; path = Pods/Pods.xcconfig; sourceTree = "<group>"; };
		F04170ED19532515000AFBC7 /* VPImageCropperViewController.h */ = {isa = PBXFileReference; fileEncoding = 4; lastKnownFileType = sourcecode.c.h; path = VPImageCropperViewController.h; sourceTree = "<group>"; };
		F04170EE19532515000AFBC7 /* VPImageCropperViewController.m */ = {isa = PBXFileReference; fileEncoding = 4; lastKnownFileType = sourcecode.c.objc; path = VPImageCropperViewController.m; sourceTree = "<group>"; };
		F0A43C92195E9C3D00DC0C27 /* BaseAnimation.h */ = {isa = PBXFileReference; fileEncoding = 4; lastKnownFileType = sourcecode.c.h; path = BaseAnimation.h; sourceTree = "<group>"; };
		F0A43C93195E9C3D00DC0C27 /* BaseAnimation.m */ = {isa = PBXFileReference; fileEncoding = 4; lastKnownFileType = sourcecode.c.objc; path = BaseAnimation.m; sourceTree = "<group>"; };
		F0A43C94195E9C3D00DC0C27 /* M2Cell.h */ = {isa = PBXFileReference; fileEncoding = 4; lastKnownFileType = sourcecode.c.h; path = M2Cell.h; sourceTree = "<group>"; };
		F0A43C95195E9C3D00DC0C27 /* M2Cell.m */ = {isa = PBXFileReference; fileEncoding = 4; lastKnownFileType = sourcecode.c.objc; path = M2Cell.m; sourceTree = "<group>"; };
		F0A43C96195E9C3D00DC0C27 /* M2GameManager.h */ = {isa = PBXFileReference; fileEncoding = 4; lastKnownFileType = sourcecode.c.h; path = M2GameManager.h; sourceTree = "<group>"; };
		F0A43C97195E9C3D00DC0C27 /* M2GameManager.m */ = {isa = PBXFileReference; fileEncoding = 4; lastKnownFileType = sourcecode.c.objc; path = M2GameManager.m; sourceTree = "<group>"; };
		F0A43C98195E9C3D00DC0C27 /* M2GlobalState.h */ = {isa = PBXFileReference; fileEncoding = 4; lastKnownFileType = sourcecode.c.h; path = M2GlobalState.h; sourceTree = "<group>"; };
		F0A43C99195E9C3D00DC0C27 /* M2GlobalState.m */ = {isa = PBXFileReference; fileEncoding = 4; lastKnownFileType = sourcecode.c.objc; path = M2GlobalState.m; sourceTree = "<group>"; };
		F0A43C9A195E9C3D00DC0C27 /* M2Grid.h */ = {isa = PBXFileReference; fileEncoding = 4; lastKnownFileType = sourcecode.c.h; path = M2Grid.h; sourceTree = "<group>"; };
		F0A43C9B195E9C3D00DC0C27 /* M2Grid.m */ = {isa = PBXFileReference; fileEncoding = 4; lastKnownFileType = sourcecode.c.objc; path = M2Grid.m; sourceTree = "<group>"; };
		F0A43C9C195E9C3D00DC0C27 /* M2Position.h */ = {isa = PBXFileReference; fileEncoding = 4; lastKnownFileType = sourcecode.c.h; path = M2Position.h; sourceTree = "<group>"; };
		F0A43C9D195E9C3D00DC0C27 /* M2Scene.h */ = {isa = PBXFileReference; fileEncoding = 4; lastKnownFileType = sourcecode.c.h; path = M2Scene.h; sourceTree = "<group>"; };
		F0A43C9E195E9C3D00DC0C27 /* M2Scene.m */ = {isa = PBXFileReference; fileEncoding = 4; lastKnownFileType = sourcecode.c.objc; path = M2Scene.m; sourceTree = "<group>"; };
		F0A43CA1195E9C3D00DC0C27 /* M2Theme.h */ = {isa = PBXFileReference; fileEncoding = 4; lastKnownFileType = sourcecode.c.h; path = M2Theme.h; sourceTree = "<group>"; };
		F0A43CA2195E9C3D00DC0C27 /* M2Theme.m */ = {isa = PBXFileReference; fileEncoding = 4; lastKnownFileType = sourcecode.c.objc; path = M2Theme.m; sourceTree = "<group>"; };
		F0A43CA3195E9C3D00DC0C27 /* M2Tile.h */ = {isa = PBXFileReference; fileEncoding = 4; lastKnownFileType = sourcecode.c.h; path = M2Tile.h; sourceTree = "<group>"; };
		F0A43CA4195E9C3D00DC0C27 /* M2Tile.m */ = {isa = PBXFileReference; fileEncoding = 4; lastKnownFileType = sourcecode.c.objc; path = M2Tile.m; sourceTree = "<group>"; };
		F0A43CAF195E9DEA00DC0C27 /* UILabel+QM_Category.h */ = {isa = PBXFileReference; fileEncoding = 4; lastKnownFileType = sourcecode.c.h; path = "UILabel+QM_Category.h"; sourceTree = "<group>"; };
		F0A43CB0195E9DEA00DC0C27 /* UILabel+QM_Category.m */ = {isa = PBXFileReference; fileEncoding = 4; lastKnownFileType = sourcecode.c.objc; path = "UILabel+QM_Category.m"; sourceTree = "<group>"; };
		F0A43CB3195EA96700DC0C27 /* NCSGameCenter.h */ = {isa = PBXFileReference; fileEncoding = 4; lastKnownFileType = sourcecode.c.h; path = NCSGameCenter.h; sourceTree = "<group>"; };
		F0A43CB4195EA96700DC0C27 /* NCSGameCenter.m */ = {isa = PBXFileReference; fileEncoding = 4; lastKnownFileType = sourcecode.c.objc; path = NCSGameCenter.m; sourceTree = "<group>"; };
		F0A43CB8195EC30600DC0C27 /* sound.mp3 */ = {isa = PBXFileReference; lastKnownFileType = audio.mp3; path = sound.mp3; sourceTree = "<group>"; };
		F0A43CBA195F065300DC0C27 /* EndGameViewController.h */ = {isa = PBXFileReference; fileEncoding = 4; lastKnownFileType = sourcecode.c.h; path = EndGameViewController.h; sourceTree = "<group>"; };
		F0A43CBB195F065300DC0C27 /* EndGameViewController.m */ = {isa = PBXFileReference; fileEncoding = 4; lastKnownFileType = sourcecode.c.objc; path = EndGameViewController.m; sourceTree = "<group>"; };
		F0A94743194F187E002CB0B4 /* SoundClass.h */ = {isa = PBXFileReference; fileEncoding = 4; lastKnownFileType = sourcecode.c.h; path = SoundClass.h; sourceTree = "<group>"; };
		F0A94744194F187E002CB0B4 /* SoundClass.m */ = {isa = PBXFileReference; fileEncoding = 4; lastKnownFileType = sourcecode.c.objc; path = SoundClass.m; sourceTree = "<group>"; };
		F0ABF31C194D147500D7CF21 /* list.png */ = {isa = PBXFileReference; lastKnownFileType = image.png; path = list.png; sourceTree = "<group>"; };
		F0ABF31D194D147500D7CF21 /* list@2x.png */ = {isa = PBXFileReference; lastKnownFileType = image.png; path = "list@2x.png"; sourceTree = "<group>"; };
		F0ABF320194D1A5400D7CF21 /* M2Texture.h */ = {isa = PBXFileReference; fileEncoding = 4; lastKnownFileType = sourcecode.c.h; path = M2Texture.h; sourceTree = "<group>"; };
		F0ABF321194D1A5400D7CF21 /* M2Texture.m */ = {isa = PBXFileReference; fileEncoding = 4; lastKnownFileType = sourcecode.c.objc; path = M2Texture.m; sourceTree = "<group>"; };
		F0ABF322194D1A5400D7CF21 /* QMLocal.h */ = {isa = PBXFileReference; fileEncoding = 4; lastKnownFileType = sourcecode.c.h; path = QMLocal.h; sourceTree = "<group>"; };
		F0ABF323194D1A5400D7CF21 /* QMLocal.m */ = {isa = PBXFileReference; fileEncoding = 4; lastKnownFileType = sourcecode.c.objc; path = QMLocal.m; sourceTree = "<group>"; };
		F0ABF327194D20C700D7CF21 /* VerticalButton.h */ = {isa = PBXFileReference; fileEncoding = 4; lastKnownFileType = sourcecode.c.h; path = VerticalButton.h; sourceTree = "<group>"; };
		F0ABF328194D20C700D7CF21 /* VerticalButton.m */ = {isa = PBXFileReference; fileEncoding = 4; lastKnownFileType = sourcecode.c.objc; path = VerticalButton.m; sourceTree = "<group>"; };
		F0ABF330194D22F400D7CF21 /* mute.png */ = {isa = PBXFileReference; lastKnownFileType = image.png; path = mute.png; sourceTree = "<group>"; };
		F0ABF331194D22F400D7CF21 /* mute@2x.png */ = {isa = PBXFileReference; lastKnownFileType = image.png; path = "mute@2x.png"; sourceTree = "<group>"; };
		F0ABF332194D22F400D7CF21 /* pictures.png */ = {isa = PBXFileReference; lastKnownFileType = image.png; path = pictures.png; sourceTree = "<group>"; };
		F0ABF333194D22F400D7CF21 /* pictures@2x.png */ = {isa = PBXFileReference; lastKnownFileType = image.png; path = "pictures@2x.png"; sourceTree = "<group>"; };
		F0ABF334194D22F400D7CF21 /* share.png */ = {isa = PBXFileReference; lastKnownFileType = image.png; path = share.png; sourceTree = "<group>"; };
		F0ABF335194D22F400D7CF21 /* share@2x.png */ = {isa = PBXFileReference; lastKnownFileType = image.png; path = "share@2x.png"; sourceTree = "<group>"; };
		F0ABF336194D22F400D7CF21 /* sound.png */ = {isa = PBXFileReference; lastKnownFileType = image.png; path = sound.png; sourceTree = "<group>"; };
		F0ABF337194D22F400D7CF21 /* sound@2x.png */ = {isa = PBXFileReference; lastKnownFileType = image.png; path = "sound@2x.png"; sourceTree = "<group>"; };
		F0ABF338194D22F400D7CF21 /* trophy.png */ = {isa = PBXFileReference; lastKnownFileType = image.png; path = trophy.png; sourceTree = "<group>"; };
		F0ABF339194D22F400D7CF21 /* trophy@2x.png */ = {isa = PBXFileReference; lastKnownFileType = image.png; path = "trophy@2x.png"; sourceTree = "<group>"; };
		F0ABF344194D255B00D7CF21 /* ListViewController.h */ = {isa = PBXFileReference; fileEncoding = 4; lastKnownFileType = sourcecode.c.h; path = ListViewController.h; sourceTree = "<group>"; };
		F0ABF345194D255B00D7CF21 /* ListViewController.m */ = {isa = PBXFileReference; fileEncoding = 4; lastKnownFileType = sourcecode.c.objc; path = ListViewController.m; sourceTree = "<group>"; };
		F0D733D9194C8F4B00AE6C79 /* GADAdMobExtras.h */ = {isa = PBXFileReference; fileEncoding = 4; lastKnownFileType = sourcecode.c.h; path = GADAdMobExtras.h; sourceTree = "<group>"; };
		F0D733DA194C8F4B00AE6C79 /* GADAdNetworkExtras.h */ = {isa = PBXFileReference; fileEncoding = 4; lastKnownFileType = sourcecode.c.h; path = GADAdNetworkExtras.h; sourceTree = "<group>"; };
		F0D733DB194C8F4B00AE6C79 /* GADAdSize.h */ = {isa = PBXFileReference; fileEncoding = 4; lastKnownFileType = sourcecode.c.h; path = GADAdSize.h; sourceTree = "<group>"; };
		F0D733DC194C8F4B00AE6C79 /* GADBannerView.h */ = {isa = PBXFileReference; fileEncoding = 4; lastKnownFileType = sourcecode.c.h; path = GADBannerView.h; sourceTree = "<group>"; };
		F0D733DD194C8F4B00AE6C79 /* GADBannerViewDelegate.h */ = {isa = PBXFileReference; fileEncoding = 4; lastKnownFileType = sourcecode.c.h; path = GADBannerViewDelegate.h; sourceTree = "<group>"; };
		F0D733DE194C8F4B00AE6C79 /* GADInAppPurchase.h */ = {isa = PBXFileReference; fileEncoding = 4; lastKnownFileType = sourcecode.c.h; path = GADInAppPurchase.h; sourceTree = "<group>"; };
		F0D733DF194C8F4B00AE6C79 /* GADInAppPurchaseDelegate.h */ = {isa = PBXFileReference; fileEncoding = 4; lastKnownFileType = sourcecode.c.h; path = GADInAppPurchaseDelegate.h; sourceTree = "<group>"; };
		F0D733E0194C8F4B00AE6C79 /* GADInterstitial.h */ = {isa = PBXFileReference; fileEncoding = 4; lastKnownFileType = sourcecode.c.h; path = GADInterstitial.h; sourceTree = "<group>"; };
		F0D733E1194C8F4B00AE6C79 /* GADInterstitialDelegate.h */ = {isa = PBXFileReference; fileEncoding = 4; lastKnownFileType = sourcecode.c.h; path = GADInterstitialDelegate.h; sourceTree = "<group>"; };
		F0D733E2194C8F4B00AE6C79 /* GADModules.h */ = {isa = PBXFileReference; fileEncoding = 4; lastKnownFileType = sourcecode.c.h; path = GADModules.h; sourceTree = "<group>"; };
		F0D733E3194C8F4B00AE6C79 /* GADRequest.h */ = {isa = PBXFileReference; fileEncoding = 4; lastKnownFileType = sourcecode.c.h; path = GADRequest.h; sourceTree = "<group>"; };
		F0D733E4194C8F4B00AE6C79 /* GADRequestError.h */ = {isa = PBXFileReference; fileEncoding = 4; lastKnownFileType = sourcecode.c.h; path = GADRequestError.h; sourceTree = "<group>"; };
		F0D733E5194C8F4B00AE6C79 /* libGoogleAdMobAds.a */ = {isa = PBXFileReference; lastKnownFileType = archive.ar; path = libGoogleAdMobAds.a; sourceTree = "<group>"; };
		F0D733E6194C8F4B00AE6C79 /* README.txt */ = {isa = PBXFileReference; fileEncoding = 4; lastKnownFileType = text; path = README.txt; sourceTree = "<group>"; };
		F0D733EB194CA11500AE6C79 /* 1024.png */ = {isa = PBXFileReference; lastKnownFileType = image.png; path = 1024.png; sourceTree = "<group>"; };
		F0D733EC194CA11500AE6C79 /* 1024@2x.png */ = {isa = PBXFileReference; lastKnownFileType = image.png; path = "1024@2x.png"; sourceTree = "<group>"; };
		F0D733ED194CA11500AE6C79 /* 128.png */ = {isa = PBXFileReference; lastKnownFileType = image.png; path = 128.png; sourceTree = "<group>"; };
		F0D733EE194CA11500AE6C79 /* 128@2x.png */ = {isa = PBXFileReference; lastKnownFileType = image.png; path = "128@2x.png"; sourceTree = "<group>"; };
		F0D733EF194CA11500AE6C79 /* 16.png */ = {isa = PBXFileReference; lastKnownFileType = image.png; path = 16.png; sourceTree = "<group>"; };
		F0D733F0194CA11500AE6C79 /* 16384.png */ = {isa = PBXFileReference; lastKnownFileType = image.png; path = 16384.png; sourceTree = "<group>"; };
		F0D733F1194CA11500AE6C79 /* 16384@2x.png */ = {isa = PBXFileReference; lastKnownFileType = image.png; path = "16384@2x.png"; sourceTree = "<group>"; };
		F0D733F2194CA11500AE6C79 /* 16@2x.png */ = {isa = PBXFileReference; lastKnownFileType = image.png; path = "16@2x.png"; sourceTree = "<group>"; };
		F0D733F3194CA11500AE6C79 /* 2.png */ = {isa = PBXFileReference; lastKnownFileType = image.png; path = 2.png; sourceTree = "<group>"; };
		F0D733F4194CA11500AE6C79 /* 2048.png */ = {isa = PBXFileReference; lastKnownFileType = image.png; path = 2048.png; sourceTree = "<group>"; };
		F0D733F5194CA11500AE6C79 /* 2048@2x.png */ = {isa = PBXFileReference; lastKnownFileType = image.png; path = "2048@2x.png"; sourceTree = "<group>"; };
		F0D733F6194CA11500AE6C79 /* 256.png */ = {isa = PBXFileReference; lastKnownFileType = image.png; path = 256.png; sourceTree = "<group>"; };
		F0D733F7194CA11500AE6C79 /* 256@2x.png */ = {isa = PBXFileReference; lastKnownFileType = image.png; path = "256@2x.png"; sourceTree = "<group>"; };
		F0D733F8194CA11500AE6C79 /* 2@2x.png */ = {isa = PBXFileReference; lastKnownFileType = image.png; path = "2@2x.png"; sourceTree = "<group>"; };
		F0D733F9194CA11500AE6C79 /* 32.png */ = {isa = PBXFileReference; lastKnownFileType = image.png; path = 32.png; sourceTree = "<group>"; };
		F0D733FA194CA11500AE6C79 /* 32@2x.png */ = {isa = PBXFileReference; lastKnownFileType = image.png; path = "32@2x.png"; sourceTree = "<group>"; };
		F0D733FB194CA11500AE6C79 /* 4.png */ = {isa = PBXFileReference; lastKnownFileType = image.png; path = 4.png; sourceTree = "<group>"; };
		F0D733FC194CA11500AE6C79 /* 4096.png */ = {isa = PBXFileReference; lastKnownFileType = image.png; path = 4096.png; sourceTree = "<group>"; };
		F0D733FD194CA11500AE6C79 /* 4096@2x.png */ = {isa = PBXFileReference; lastKnownFileType = image.png; path = "4096@2x.png"; sourceTree = "<group>"; };
		F0D733FE194CA11500AE6C79 /* 4@2x.png */ = {isa = PBXFileReference; lastKnownFileType = image.png; path = "4@2x.png"; sourceTree = "<group>"; };
		F0D733FF194CA11500AE6C79 /* 512.png */ = {isa = PBXFileReference; lastKnownFileType = image.png; path = 512.png; sourceTree = "<group>"; };
		F0D73400194CA11500AE6C79 /* 512@2x.png */ = {isa = PBXFileReference; lastKnownFileType = image.png; path = "512@2x.png"; sourceTree = "<group>"; };
		F0D73401194CA11500AE6C79 /* 64.png */ = {isa = PBXFileReference; lastKnownFileType = image.png; path = 64.png; sourceTree = "<group>"; };
		F0D73402194CA11500AE6C79 /* 64@2x.png */ = {isa = PBXFileReference; lastKnownFileType = image.png; path = "64@2x.png"; sourceTree = "<group>"; };
		F0D73403194CA11500AE6C79 /* 8.png */ = {isa = PBXFileReference; lastKnownFileType = image.png; path = 8.png; sourceTree = "<group>"; };
		F0D73404194CA11500AE6C79 /* 8192.png */ = {isa = PBXFileReference; lastKnownFileType = image.png; path = 8192.png; sourceTree = "<group>"; };
		F0D73405194CA11500AE6C79 /* 8192@2x.png */ = {isa = PBXFileReference; lastKnownFileType = image.png; path = "8192@2x.png"; sourceTree = "<group>"; };
		F0D73406194CA11500AE6C79 /* 8@2x.png */ = {isa = PBXFileReference; lastKnownFileType = image.png; path = "8@2x.png"; sourceTree = "<group>"; };
		F0E2F567194BFC8F00C3CC92 /* QMPhoto.app */ = {isa = PBXFileReference; explicitFileType = wrapper.application; includeInIndex = 0; path = QMPhoto.app; sourceTree = BUILT_PRODUCTS_DIR; };
		F0E2F56A194BFC8F00C3CC92 /* Foundation.framework */ = {isa = PBXFileReference; lastKnownFileType = wrapper.framework; name = Foundation.framework; path = System/Library/Frameworks/Foundation.framework; sourceTree = SDKROOT; };
		F0E2F56C194BFC9000C3CC92 /* CoreGraphics.framework */ = {isa = PBXFileReference; lastKnownFileType = wrapper.framework; name = CoreGraphics.framework; path = System/Library/Frameworks/CoreGraphics.framework; sourceTree = SDKROOT; };
		F0E2F56E194BFC9000C3CC92 /* UIKit.framework */ = {isa = PBXFileReference; lastKnownFileType = wrapper.framework; name = UIKit.framework; path = System/Library/Frameworks/UIKit.framework; sourceTree = SDKROOT; };
		F0E2F572194BFC9000C3CC92 /* QMPhoto-Info.plist */ = {isa = PBXFileReference; lastKnownFileType = text.plist.xml; path = "QMPhoto-Info.plist"; sourceTree = "<group>"; };
		F0E2F574194BFC9000C3CC92 /* en */ = {isa = PBXFileReference; lastKnownFileType = text.plist.strings; name = en; path = en.lproj/InfoPlist.strings; sourceTree = "<group>"; };
		F0E2F576194BFC9000C3CC92 /* main.m */ = {isa = PBXFileReference; lastKnownFileType = sourcecode.c.objc; path = main.m; sourceTree = "<group>"; };
		F0E2F578194BFC9000C3CC92 /* QMPhoto-Prefix.pch */ = {isa = PBXFileReference; lastKnownFileType = sourcecode.c.h; path = "QMPhoto-Prefix.pch"; sourceTree = "<group>"; };
		F0E2F579194BFC9000C3CC92 /* AppDelegate.h */ = {isa = PBXFileReference; lastKnownFileType = sourcecode.c.h; path = AppDelegate.h; sourceTree = "<group>"; };
		F0E2F57A194BFC9000C3CC92 /* AppDelegate.m */ = {isa = PBXFileReference; lastKnownFileType = sourcecode.c.objc; path = AppDelegate.m; sourceTree = "<group>"; };
		F0E2F57D194BFC9000C3CC92 /* Base */ = {isa = PBXFileReference; lastKnownFileType = file.storyboard; name = Base; path = Base.lproj/Main_iPhone.storyboard; sourceTree = "<group>"; };
		F0E2F580194BFC9000C3CC92 /* Base */ = {isa = PBXFileReference; lastKnownFileType = file.storyboard; name = Base; path = Base.lproj/Main_iPad.storyboard; sourceTree = "<group>"; };
		F0E2F582194BFC9000C3CC92 /* ViewController.h */ = {isa = PBXFileReference; lastKnownFileType = sourcecode.c.h; path = ViewController.h; sourceTree = "<group>"; };
		F0E2F583194BFC9000C3CC92 /* ViewController.m */ = {isa = PBXFileReference; lastKnownFileType = sourcecode.c.objc; path = ViewController.m; sourceTree = "<group>"; };
		F0E2F585194BFC9000C3CC92 /* Images.xcassets */ = {isa = PBXFileReference; lastKnownFileType = folder.assetcatalog; path = Images.xcassets; sourceTree = "<group>"; };
		F0E2F58B194BFC9000C3CC92 /* QMPhotoTests.xctest */ = {isa = PBXFileReference; explicitFileType = wrapper.cfbundle; includeInIndex = 0; path = QMPhotoTests.xctest; sourceTree = BUILT_PRODUCTS_DIR; };
		F0E2F58C194BFC9000C3CC92 /* XCTest.framework */ = {isa = PBXFileReference; lastKnownFileType = wrapper.framework; name = XCTest.framework; path = Library/Frameworks/XCTest.framework; sourceTree = DEVELOPER_DIR; };
		F0E2F594194BFC9000C3CC92 /* QMPhotoTests-Info.plist */ = {isa = PBXFileReference; lastKnownFileType = text.plist.xml; path = "QMPhotoTests-Info.plist"; sourceTree = "<group>"; };
		F0E2F596194BFC9000C3CC92 /* en */ = {isa = PBXFileReference; lastKnownFileType = text.plist.strings; name = en; path = en.lproj/InfoPlist.strings; sourceTree = "<group>"; };
		F0E2F598194BFC9000C3CC92 /* QMPhotoTests.m */ = {isa = PBXFileReference; lastKnownFileType = sourcecode.c.objc; path = QMPhotoTests.m; sourceTree = "<group>"; };
		F0E2F5A2194C14E800C3CC92 /* UIView+Size.h */ = {isa = PBXFileReference; fileEncoding = 4; lastKnownFileType = sourcecode.c.h; path = "UIView+Size.h"; sourceTree = "<group>"; };
		F0E2F5A3194C14E800C3CC92 /* UIView+Size.m */ = {isa = PBXFileReference; fileEncoding = 4; lastKnownFileType = sourcecode.c.objc; path = "UIView+Size.m"; sourceTree = "<group>"; };
/* End PBXFileReference section */

/* Begin PBXFrameworksBuildPhase section */
		F0E2F564194BFC8F00C3CC92 /* Frameworks */ = {
			isa = PBXFrameworksBuildPhase;
			buildActionMask = 2147483647;
			files = (
				F0E2F56D194BFC9000C3CC92 /* CoreGraphics.framework in Frameworks */,
				F0E2F56F194BFC9000C3CC92 /* UIKit.framework in Frameworks */,
				F0E2F56B194BFC8F00C3CC92 /* Foundation.framework in Frameworks */,
				C2C297C8F75448CCA30226F9 /* libPods.a in Frameworks */,
				F0D733E7194C8F4B00AE6C79 /* libGoogleAdMobAds.a in Frameworks */,
			);
			runOnlyForDeploymentPostprocessing = 0;
		};
		F0E2F588194BFC9000C3CC92 /* Frameworks */ = {
			isa = PBXFrameworksBuildPhase;
			buildActionMask = 2147483647;
			files = (
				F0E2F58D194BFC9000C3CC92 /* XCTest.framework in Frameworks */,
				F0E2F58F194BFC9000C3CC92 /* UIKit.framework in Frameworks */,
				F0E2F58E194BFC9000C3CC92 /* Foundation.framework in Frameworks */,
			);
			runOnlyForDeploymentPostprocessing = 0;
		};
/* End PBXFrameworksBuildPhase section */

/* Begin PBXGroup section */
		F04170EC19532515000AFBC7 /* VPImageCropper */ = {
			isa = PBXGroup;
			children = (
				F04170ED19532515000AFBC7 /* VPImageCropperViewController.h */,
				F04170EE19532515000AFBC7 /* VPImageCropperViewController.m */,
			);
			path = VPImageCropper;
			sourceTree = "<group>";
		};
		F0A43C91195E9C3D00DC0C27 /* GAME */ = {
			isa = PBXGroup;
			children = (
				F0A43C92195E9C3D00DC0C27 /* BaseAnimation.h */,
				F0A43C93195E9C3D00DC0C27 /* BaseAnimation.m */,
				F0A43C94195E9C3D00DC0C27 /* M2Cell.h */,
				F0A43C95195E9C3D00DC0C27 /* M2Cell.m */,
				F0A43C96195E9C3D00DC0C27 /* M2GameManager.h */,
				F0A43C97195E9C3D00DC0C27 /* M2GameManager.m */,
				F0A43C98195E9C3D00DC0C27 /* M2GlobalState.h */,
				F0A43C99195E9C3D00DC0C27 /* M2GlobalState.m */,
				F0A43C9A195E9C3D00DC0C27 /* M2Grid.h */,
				F0A43C9B195E9C3D00DC0C27 /* M2Grid.m */,
				F0A43C9C195E9C3D00DC0C27 /* M2Position.h */,
				F0A43C9D195E9C3D00DC0C27 /* M2Scene.h */,
				F0A43C9E195E9C3D00DC0C27 /* M2Scene.m */,
				F0A43CA1195E9C3D00DC0C27 /* M2Theme.h */,
				F0A43CA2195E9C3D00DC0C27 /* M2Theme.m */,
				F0A43CA3195E9C3D00DC0C27 /* M2Tile.h */,
				F0A43CA4195E9C3D00DC0C27 /* M2Tile.m */,
			);
			path = GAME;
			sourceTree = "<group>";
		};
		F0A43CAE195E9DEA00DC0C27 /* UILabel */ = {
			isa = PBXGroup;
			children = (
				F0A43CAF195E9DEA00DC0C27 /* UILabel+QM_Category.h */,
				F0A43CB0195E9DEA00DC0C27 /* UILabel+QM_Category.m */,
			);
			path = UILabel;
			sourceTree = "<group>";
		};
		F0A43CB2195EA96700DC0C27 /* ranking */ = {
			isa = PBXGroup;
			children = (
				F0A43CB3195EA96700DC0C27 /* NCSGameCenter.h */,
				F0A43CB4195EA96700DC0C27 /* NCSGameCenter.m */,
			);
			path = ranking;
			sourceTree = "<group>";
		};
		F0ABF31B194D147500D7CF21 /* common */ = {
			isa = PBXGroup;
			children = (
				F0ABF31C194D147500D7CF21 /* list.png */,
				F0ABF31D194D147500D7CF21 /* list@2x.png */,
				F0ABF330194D22F400D7CF21 /* mute.png */,
				F0ABF331194D22F400D7CF21 /* mute@2x.png */,
				F0ABF332194D22F400D7CF21 /* pictures.png */,
				F0ABF333194D22F400D7CF21 /* pictures@2x.png */,
				F0ABF334194D22F400D7CF21 /* share.png */,
				F0ABF335194D22F400D7CF21 /* share@2x.png */,
				F0ABF336194D22F400D7CF21 /* sound.png */,
				F0ABF337194D22F400D7CF21 /* sound@2x.png */,
				F0ABF338194D22F400D7CF21 /* trophy.png */,
				F0ABF339194D22F400D7CF21 /* trophy@2x.png */,
			);
			path = common;
			sourceTree = "<group>";
		};
		F0ABF326194D20B600D7CF21 /* base */ = {
			isa = PBXGroup;
			children = (
				F0A43CAE195E9DEA00DC0C27 /* UILabel */,
				F0E2F5A2194C14E800C3CC92 /* UIView+Size.h */,
				F0E2F5A3194C14E800C3CC92 /* UIView+Size.m */,
				F0ABF327194D20C700D7CF21 /* VerticalButton.h */,
				F0ABF328194D20C700D7CF21 /* VerticalButton.m */,
				F0A94743194F187E002CB0B4 /* SoundClass.h */,
				F0A94744194F187E002CB0B4 /* SoundClass.m */,
			);
			name = base;
			sourceTree = "<group>";
		};
		F0D733D8194C8F4B00AE6C79 /* GoogleMobileAdsSdkiOS-6.9.2 */ = {
			isa = PBXGroup;
			children = (
				F0D733D9194C8F4B00AE6C79 /* GADAdMobExtras.h */,
				F0D733DA194C8F4B00AE6C79 /* GADAdNetworkExtras.h */,
				F0D733DB194C8F4B00AE6C79 /* GADAdSize.h */,
				F0D733DC194C8F4B00AE6C79 /* GADBannerView.h */,
				F0D733DD194C8F4B00AE6C79 /* GADBannerViewDelegate.h */,
				F0D733DE194C8F4B00AE6C79 /* GADInAppPurchase.h */,
				F0D733DF194C8F4B00AE6C79 /* GADInAppPurchaseDelegate.h */,
				F0D733E0194C8F4B00AE6C79 /* GADInterstitial.h */,
				F0D733E1194C8F4B00AE6C79 /* GADInterstitialDelegate.h */,
				F0D733E2194C8F4B00AE6C79 /* GADModules.h */,
				F0D733E3194C8F4B00AE6C79 /* GADRequest.h */,
				F0D733E4194C8F4B00AE6C79 /* GADRequestError.h */,
				F0D733E5194C8F4B00AE6C79 /* libGoogleAdMobAds.a */,
				F0D733E6194C8F4B00AE6C79 /* README.txt */,
			);
			path = "GoogleMobileAdsSdkiOS-6.9.2";
			sourceTree = "<group>";
		};
		F0D733E9194CA11500AE6C79 /* Resources */ = {
			isa = PBXGroup;
			children = (
				F0A43CB8195EC30600DC0C27 /* sound.mp3 */,
				F0ABF31B194D147500D7CF21 /* common */,
				F0D733EA194CA11500AE6C79 /* tiles */,
			);
			path = Resources;
			sourceTree = "<group>";
		};
		F0D733EA194CA11500AE6C79 /* tiles */ = {
			isa = PBXGroup;
			children = (
				F0D733EB194CA11500AE6C79 /* 1024.png */,
				F0D733EC194CA11500AE6C79 /* 1024@2x.png */,
				F0D733ED194CA11500AE6C79 /* 128.png */,
				F0D733EE194CA11500AE6C79 /* 128@2x.png */,
				F0D733EF194CA11500AE6C79 /* 16.png */,
				F0D733F0194CA11500AE6C79 /* 16384.png */,
				F0D733F1194CA11500AE6C79 /* 16384@2x.png */,
				F0D733F2194CA11500AE6C79 /* 16@2x.png */,
				F0D733F3194CA11500AE6C79 /* 2.png */,
				F0D733F4194CA11500AE6C79 /* 2048.png */,
				F0D733F5194CA11500AE6C79 /* 2048@2x.png */,
				F0D733F6194CA11500AE6C79 /* 256.png */,
				F0D733F7194CA11500AE6C79 /* 256@2x.png */,
				F0D733F8194CA11500AE6C79 /* 2@2x.png */,
				F0D733F9194CA11500AE6C79 /* 32.png */,
				F0D733FA194CA11500AE6C79 /* 32@2x.png */,
				F0D733FB194CA11500AE6C79 /* 4.png */,
				F0D733FC194CA11500AE6C79 /* 4096.png */,
				F0D733FD194CA11500AE6C79 /* 4096@2x.png */,
				F0D733FE194CA11500AE6C79 /* 4@2x.png */,
				F0D733FF194CA11500AE6C79 /* 512.png */,
				F0D73400194CA11500AE6C79 /* 512@2x.png */,
				F0D73401194CA11500AE6C79 /* 64.png */,
				F0D73402194CA11500AE6C79 /* 64@2x.png */,
				F0D73403194CA11500AE6C79 /* 8.png */,
				F0D73404194CA11500AE6C79 /* 8192.png */,
				F0D73405194CA11500AE6C79 /* 8192@2x.png */,
				F0D73406194CA11500AE6C79 /* 8@2x.png */,
			);
			path = tiles;
			sourceTree = "<group>";
		};
		F0E2F55E194BFC8F00C3CC92 = {
			isa = PBXGroup;
			children = (
				F0E2F570194BFC9000C3CC92 /* QMPhoto */,
				F0E2F592194BFC9000C3CC92 /* QMPhotoTests */,
				F0E2F569194BFC8F00C3CC92 /* Frameworks */,
				F0E2F568194BFC8F00C3CC92 /* Products */,
				8B9D26CF02734AAC976FE9D8 /* Pods.xcconfig */,
			);
			sourceTree = "<group>";
		};
		F0E2F568194BFC8F00C3CC92 /* Products */ = {
			isa = PBXGroup;
			children = (
				F0E2F567194BFC8F00C3CC92 /* QMPhoto.app */,
				F0E2F58B194BFC9000C3CC92 /* QMPhotoTests.xctest */,
			);
			name = Products;
			sourceTree = "<group>";
		};
		F0E2F569194BFC8F00C3CC92 /* Frameworks */ = {
			isa = PBXGroup;
			children = (
				F0E2F56A194BFC8F00C3CC92 /* Foundation.framework */,
				F0E2F56C194BFC9000C3CC92 /* CoreGraphics.framework */,
				F0E2F56E194BFC9000C3CC92 /* UIKit.framework */,
				F0E2F58C194BFC9000C3CC92 /* XCTest.framework */,
				8B107697AF0D4FE69053C454 /* libPods.a */,
			);
			name = Frameworks;
			sourceTree = "<group>";
		};
		F0E2F570194BFC9000C3CC92 /* QMPhoto */ = {
			isa = PBXGroup;
			children = (
				F0A43CB2195EA96700DC0C27 /* ranking */,
				F04170EC19532515000AFBC7 /* VPImageCropper */,
				F0D733D8194C8F4B00AE6C79 /* GoogleMobileAdsSdkiOS-6.9.2 */,
				F0E2F579194BFC9000C3CC92 /* AppDelegate.h */,
				F0E2F57A194BFC9000C3CC92 /* AppDelegate.m */,
				F0E2F57C194BFC9000C3CC92 /* Main_iPhone.storyboard */,
				F0E2F57F194BFC9000C3CC92 /* Main_iPad.storyboard */,
				F0E2F582194BFC9000C3CC92 /* ViewController.h */,
				F0E2F583194BFC9000C3CC92 /* ViewController.m */,
				F0ABF344194D255B00D7CF21 /* ListViewController.h */,
				F0ABF345194D255B00D7CF21 /* ListViewController.m */,
				7C1A68AD195003A500E6B9E7 /* PhotoViewController.h */,
				7C1A68AE195003A500E6B9E7 /* PhotoViewController.m */,
				F0A43CBA195F065300DC0C27 /* EndGameViewController.h */,
				F0A43CBB195F065300DC0C27 /* EndGameViewController.m */,
				F0ABF326194D20B600D7CF21 /* base */,
				F0ABF320194D1A5400D7CF21 /* M2Texture.h */,
				F0ABF321194D1A5400D7CF21 /* M2Texture.m */,
				F0ABF322194D1A5400D7CF21 /* QMLocal.h */,
				F0ABF323194D1A5400D7CF21 /* QMLocal.m */,
				F0A43C91195E9C3D00DC0C27 /* GAME */,
				F0D733E9194CA11500AE6C79 /* Resources */,
				F0E2F585194BFC9000C3CC92 /* Images.xcassets */,
				F0E2F571194BFC9000C3CC92 /* Supporting Files */,
			);
			path = QMPhoto;
			sourceTree = "<group>";
		};
		F0E2F571194BFC9000C3CC92 /* Supporting Files */ = {
			isa = PBXGroup;
			children = (
				F0E2F572194BFC9000C3CC92 /* QMPhoto-Info.plist */,
				F0E2F573194BFC9000C3CC92 /* InfoPlist.strings */,
				F0E2F576194BFC9000C3CC92 /* main.m */,
				F0E2F578194BFC9000C3CC92 /* QMPhoto-Prefix.pch */,
			);
			name = "Supporting Files";
			sourceTree = "<group>";
		};
		F0E2F592194BFC9000C3CC92 /* QMPhotoTests */ = {
			isa = PBXGroup;
			children = (
				F0E2F598194BFC9000C3CC92 /* QMPhotoTests.m */,
				F0E2F593194BFC9000C3CC92 /* Supporting Files */,
			);
			path = QMPhotoTests;
			sourceTree = "<group>";
		};
		F0E2F593194BFC9000C3CC92 /* Supporting Files */ = {
			isa = PBXGroup;
			children = (
				F0E2F594194BFC9000C3CC92 /* QMPhotoTests-Info.plist */,
				F0E2F595194BFC9000C3CC92 /* InfoPlist.strings */,
			);
			name = "Supporting Files";
			sourceTree = "<group>";
		};
/* End PBXGroup section */

/* Begin PBXNativeTarget section */
		F0E2F566194BFC8F00C3CC92 /* QMPhoto */ = {
			isa = PBXNativeTarget;
			buildConfigurationList = F0E2F59C194BFC9000C3CC92 /* Build configuration list for PBXNativeTarget "QMPhoto" */;
			buildPhases = (
				952E2142B4144A8AB9B03C8D /* Check Pods Manifest.lock */,
				F0E2F563194BFC8F00C3CC92 /* Sources */,
				F0E2F564194BFC8F00C3CC92 /* Frameworks */,
				F0E2F565194BFC8F00C3CC92 /* Resources */,
				D0730CE8BA7840309D8FB2DC /* Copy Pods Resources */,
			);
			buildRules = (
			);
			dependencies = (
			);
			name = QMPhoto;
			productName = QMPhoto;
			productReference = F0E2F567194BFC8F00C3CC92 /* QMPhoto.app */;
			productType = "com.apple.product-type.application";
		};
		F0E2F58A194BFC9000C3CC92 /* QMPhotoTests */ = {
			isa = PBXNativeTarget;
			buildConfigurationList = F0E2F59F194BFC9000C3CC92 /* Build configuration list for PBXNativeTarget "QMPhotoTests" */;
			buildPhases = (
				F0E2F587194BFC9000C3CC92 /* Sources */,
				F0E2F588194BFC9000C3CC92 /* Frameworks */,
				F0E2F589194BFC9000C3CC92 /* Resources */,
			);
			buildRules = (
			);
			dependencies = (
				F0E2F591194BFC9000C3CC92 /* PBXTargetDependency */,
			);
			name = QMPhotoTests;
			productName = QMPhotoTests;
			productReference = F0E2F58B194BFC9000C3CC92 /* QMPhotoTests.xctest */;
			productType = "com.apple.product-type.bundle.unit-test";
		};
/* End PBXNativeTarget section */

/* Begin PBXProject section */
		F0E2F55F194BFC8F00C3CC92 /* Project object */ = {
			isa = PBXProject;
			attributes = {
				LastUpgradeCheck = 0510;
				ORGANIZATIONNAME = QiMengJin_LYS;
				TargetAttributes = {
					F0E2F58A194BFC9000C3CC92 = {
						TestTargetID = F0E2F566194BFC8F00C3CC92;
					};
				};
			};
			buildConfigurationList = F0E2F562194BFC8F00C3CC92 /* Build configuration list for PBXProject "QMPhoto" */;
			compatibilityVersion = "Xcode 3.2";
			developmentRegion = English;
			hasScannedForEncodings = 0;
			knownRegions = (
				en,
				Base,
			);
			mainGroup = F0E2F55E194BFC8F00C3CC92;
			productRefGroup = F0E2F568194BFC8F00C3CC92 /* Products */;
			projectDirPath = "";
			projectRoot = "";
			targets = (
				F0E2F566194BFC8F00C3CC92 /* QMPhoto */,
				F0E2F58A194BFC9000C3CC92 /* QMPhotoTests */,
			);
		};
/* End PBXProject section */

/* Begin PBXResourcesBuildPhase section */
		F0E2F565194BFC8F00C3CC92 /* Resources */ = {
			isa = PBXResourcesBuildPhase;
			buildActionMask = 2147483647;
			files = (
				F0D7341F194CA11500AE6C79 /* 8.png in Resources */,
				F0ABF33B194D22F400D7CF21 /* mute@2x.png in Resources */,
				F0ABF33C194D22F400D7CF21 /* pictures.png in Resources */,
				F0D73417194CA11500AE6C79 /* 4.png in Resources */,
				F0ABF33A194D22F400D7CF21 /* mute.png in Resources */,
				F0ABF33D194D22F400D7CF21 /* pictures@2x.png in Resources */,
				F0D7340B194CA11500AE6C79 /* 16.png in Resources */,
				F0ABF33E194D22F400D7CF21 /* share.png in Resources */,
				F0D7341A194CA11500AE6C79 /* 4@2x.png in Resources */,
				F0D73418194CA11500AE6C79 /* 4096.png in Resources */,
				F0D73419194CA11500AE6C79 /* 4096@2x.png in Resources */,
				F0D73408194CA11500AE6C79 /* 1024@2x.png in Resources */,
				F0D7340F194CA11500AE6C79 /* 2.png in Resources */,
				F0D73407194CA11500AE6C79 /* 1024.png in Resources */,
				F0E2F581194BFC9000C3CC92 /* Main_iPad.storyboard in Resources */,
				F0E2F586194BFC9000C3CC92 /* Images.xcassets in Resources */,
				F0D73412194CA11500AE6C79 /* 256.png in Resources */,
				F0D73422194CA11500AE6C79 /* 8@2x.png in Resources */,
				F0D73411194CA11500AE6C79 /* 2048@2x.png in Resources */,
				F0D7341E194CA11500AE6C79 /* 64@2x.png in Resources */,
				F0D73416194CA11500AE6C79 /* 32@2x.png in Resources */,
				F0E2F57E194BFC9000C3CC92 /* Main_iPhone.storyboard in Resources */,
				F0D7340C194CA11500AE6C79 /* 16384.png in Resources */,
				F0ABF343194D22F400D7CF21 /* trophy@2x.png in Resources */,
				F0D73415194CA11500AE6C79 /* 32.png in Resources */,
				F0ABF31E194D147500D7CF21 /* list.png in Resources */,
				F0ABF340194D22F400D7CF21 /* sound.png in Resources */,
				F0D73414194CA11500AE6C79 /* 2@2x.png in Resources */,
				F0ABF31F194D147500D7CF21 /* list@2x.png in Resources */,
				F0D73413194CA11500AE6C79 /* 256@2x.png in Resources */,
				F0D7341C194CA11500AE6C79 /* 512@2x.png in Resources */,
				F0D7341D194CA11500AE6C79 /* 64.png in Resources */,
				F0ABF342194D22F400D7CF21 /* trophy.png in Resources */,
				F0D7340D194CA11500AE6C79 /* 16384@2x.png in Resources */,
				F0D73409194CA11500AE6C79 /* 128.png in Resources */,
				F0D7341B194CA11500AE6C79 /* 512.png in Resources */,
				F0D73420194CA11500AE6C79 /* 8192.png in Resources */,
				F0ABF33F194D22F400D7CF21 /* share@2x.png in Resources */,
				F0E2F575194BFC9000C3CC92 /* InfoPlist.strings in Resources */,
				F0D7340A194CA11500AE6C79 /* 128@2x.png in Resources */,
				F0ABF341194D22F400D7CF21 /* sound@2x.png in Resources */,
				F0D73421194CA11500AE6C79 /* 8192@2x.png in Resources */,
				F0A43CB9195EC30700DC0C27 /* sound.mp3 in Resources */,
				F0D73410194CA11500AE6C79 /* 2048.png in Resources */,
				F0D733E8194C8F4B00AE6C79 /* README.txt in Resources */,
				F0D7340E194CA11500AE6C79 /* 16@2x.png in Resources */,
			);
			runOnlyForDeploymentPostprocessing = 0;
		};
		F0E2F589194BFC9000C3CC92 /* Resources */ = {
			isa = PBXResourcesBuildPhase;
			buildActionMask = 2147483647;
			files = (
				F0E2F597194BFC9000C3CC92 /* InfoPlist.strings in Resources */,
			);
			runOnlyForDeploymentPostprocessing = 0;
		};
/* End PBXResourcesBuildPhase section */

/* Begin PBXShellScriptBuildPhase section */
		952E2142B4144A8AB9B03C8D /* Check Pods Manifest.lock */ = {
			isa = PBXShellScriptBuildPhase;
			buildActionMask = 2147483647;
			files = (
			);
			inputPaths = (
			);
			name = "Check Pods Manifest.lock";
			outputPaths = (
			);
			runOnlyForDeploymentPostprocessing = 0;
			shellPath = /bin/sh;
			shellScript = "diff \"${PODS_ROOT}/../Podfile.lock\" \"${PODS_ROOT}/Manifest.lock\" > /dev/null\nif [[ $? != 0 ]] ; then\n    cat << EOM\nerror: The sandbox is not in sync with the Podfile.lock. Run 'pod install' or update your CocoaPods installation.\nEOM\n    exit 1\nfi\n";
			showEnvVarsInLog = 0;
		};
		D0730CE8BA7840309D8FB2DC /* Copy Pods Resources */ = {
			isa = PBXShellScriptBuildPhase;
			buildActionMask = 2147483647;
			files = (
			);
			inputPaths = (
			);
			name = "Copy Pods Resources";
			outputPaths = (
			);
			runOnlyForDeploymentPostprocessing = 0;
			shellPath = /bin/sh;
			shellScript = "\"${SRCROOT}/Pods/Pods-resources.sh\"\n";
			showEnvVarsInLog = 0;
		};
/* End PBXShellScriptBuildPhase section */

/* Begin PBXSourcesBuildPhase section */
		F0E2F563194BFC8F00C3CC92 /* Sources */ = {
			isa = PBXSourcesBuildPhase;
			buildActionMask = 2147483647;
			files = (
				F0A43CB1195E9DEA00DC0C27 /* UILabel+QM_Category.m in Sources */,
				F0E2F584194BFC9000C3CC92 /* ViewController.m in Sources */,
				F0ABF346194D255B00D7CF21 /* ListViewController.m in Sources */,
				F04170EF19532515000AFBC7 /* VPImageCropperViewController.m in Sources */,
				F0ABF324194D1A5400D7CF21 /* M2Texture.m in Sources */,
				F0A94745194F187E002CB0B4 /* SoundClass.m in Sources */,
				F0E2F57B194BFC9000C3CC92 /* AppDelegate.m in Sources */,
				F0E2F577194BFC9000C3CC92 /* main.m in Sources */,
				F0A43CAC195E9C3D00DC0C27 /* M2Theme.m in Sources */,
				F0A43CA8195E9C3D00DC0C27 /* M2GlobalState.m in Sources */,
				F0A43CAA195E9C3D00DC0C27 /* M2Scene.m in Sources */,
				F0A43CA9195E9C3D00DC0C27 /* M2Grid.m in Sources */,
				F0A43CBC195F065300DC0C27 /* EndGameViewController.m in Sources */,
				F0A43CB5195EA96700DC0C27 /* NCSGameCenter.m in Sources */,
				F0E2F5A4194C14E800C3CC92 /* UIView+Size.m in Sources */,
				F0A43CAD195E9C3D00DC0C27 /* M2Tile.m in Sources */,
				F0A43CA7195E9C3D00DC0C27 /* M2GameManager.m in Sources */,
				F0A43CA6195E9C3D00DC0C27 /* M2Cell.m in Sources */,
				F0ABF325194D1A5400D7CF21 /* QMLocal.m in Sources */,
				F0A43CA5195E9C3D00DC0C27 /* BaseAnimation.m in Sources */,
				F0ABF329194D20C700D7CF21 /* VerticalButton.m in Sources */,
				7C1A68AF195003A500E6B9E7 /* PhotoViewController.m in Sources */,
			);
			runOnlyForDeploymentPostprocessing = 0;
		};
		F0E2F587194BFC9000C3CC92 /* Sources */ = {
			isa = PBXSourcesBuildPhase;
			buildActionMask = 2147483647;
			files = (
				F0E2F599194BFC9000C3CC92 /* QMPhotoTests.m in Sources */,
			);
			runOnlyForDeploymentPostprocessing = 0;
		};
/* End PBXSourcesBuildPhase section */

/* Begin PBXTargetDependency section */
		F0E2F591194BFC9000C3CC92 /* PBXTargetDependency */ = {
			isa = PBXTargetDependency;
			target = F0E2F566194BFC8F00C3CC92 /* QMPhoto */;
			targetProxy = F0E2F590194BFC9000C3CC92 /* PBXContainerItemProxy */;
		};
/* End PBXTargetDependency section */

/* Begin PBXVariantGroup section */
		F0E2F573194BFC9000C3CC92 /* InfoPlist.strings */ = {
			isa = PBXVariantGroup;
			children = (
				F0E2F574194BFC9000C3CC92 /* en */,
			);
			name = InfoPlist.strings;
			sourceTree = "<group>";
		};
		F0E2F57C194BFC9000C3CC92 /* Main_iPhone.storyboard */ = {
			isa = PBXVariantGroup;
			children = (
				F0E2F57D194BFC9000C3CC92 /* Base */,
			);
			name = Main_iPhone.storyboard;
			sourceTree = "<group>";
		};
		F0E2F57F194BFC9000C3CC92 /* Main_iPad.storyboard */ = {
			isa = PBXVariantGroup;
			children = (
				F0E2F580194BFC9000C3CC92 /* Base */,
			);
			name = Main_iPad.storyboard;
			sourceTree = "<group>";
		};
		F0E2F595194BFC9000C3CC92 /* InfoPlist.strings */ = {
			isa = PBXVariantGroup;
			children = (
				F0E2F596194BFC9000C3CC92 /* en */,
			);
			name = InfoPlist.strings;
			sourceTree = "<group>";
		};
/* End PBXVariantGroup section */

/* Begin XCBuildConfiguration section */
		F0E2F59A194BFC9000C3CC92 /* Debug */ = {
			isa = XCBuildConfiguration;
			buildSettings = {
				ALWAYS_SEARCH_USER_PATHS = NO;
				CLANG_CXX_LANGUAGE_STANDARD = "gnu++0x";
				CLANG_CXX_LIBRARY = "libc++";
				CLANG_ENABLE_MODULES = YES;
				CLANG_ENABLE_OBJC_ARC = YES;
				CLANG_WARN_BOOL_CONVERSION = YES;
				CLANG_WARN_CONSTANT_CONVERSION = YES;
				CLANG_WARN_DIRECT_OBJC_ISA_USAGE = YES_ERROR;
				CLANG_WARN_EMPTY_BODY = YES;
				CLANG_WARN_ENUM_CONVERSION = YES;
				CLANG_WARN_INT_CONVERSION = YES;
				CLANG_WARN_OBJC_ROOT_CLASS = YES_ERROR;
				CLANG_WARN__DUPLICATE_METHOD_MATCH = YES;
				CODE_SIGN_IDENTITY = "iPhone Distribution: yongsheng liu (K6D5KQ7QKW)";
				"CODE_SIGN_IDENTITY[sdk=iphoneos*]" = "iPhone Distribution: yongsheng liu (K6D5KQ7QKW)";
				COPY_PHASE_STRIP = NO;
				GCC_C_LANGUAGE_STANDARD = gnu99;
				GCC_DYNAMIC_NO_PIC = NO;
				GCC_OPTIMIZATION_LEVEL = 0;
				GCC_PREPROCESSOR_DEFINITIONS = (
					"DEBUG=1",
					"$(inherited)",
				);
				GCC_SYMBOLS_PRIVATE_EXTERN = NO;
				GCC_WARN_64_TO_32_BIT_CONVERSION = YES;
				GCC_WARN_ABOUT_RETURN_TYPE = YES_ERROR;
				GCC_WARN_UNDECLARED_SELECTOR = YES;
				GCC_WARN_UNINITIALIZED_AUTOS = YES_AGGRESSIVE;
				GCC_WARN_UNUSED_FUNCTION = YES;
				GCC_WARN_UNUSED_VARIABLE = YES;
				IPHONEOS_DEPLOYMENT_TARGET = 5.0;
				ONLY_ACTIVE_ARCH = YES;
				PROVISIONING_PROFILE = "8F7ED6FC-F4D7-43E7-B41E-0131FB8C5A3A";
				SDKROOT = iphoneos;
				TARGETED_DEVICE_FAMILY = "1,2";
			};
			name = Debug;
		};
		F0E2F59B194BFC9000C3CC92 /* Release */ = {
			isa = XCBuildConfiguration;
			buildSettings = {
				ALWAYS_SEARCH_USER_PATHS = NO;
				CLANG_CXX_LANGUAGE_STANDARD = "gnu++0x";
				CLANG_CXX_LIBRARY = "libc++";
				CLANG_ENABLE_MODULES = YES;
				CLANG_ENABLE_OBJC_ARC = YES;
				CLANG_WARN_BOOL_CONVERSION = YES;
				CLANG_WARN_CONSTANT_CONVERSION = YES;
				CLANG_WARN_DIRECT_OBJC_ISA_USAGE = YES_ERROR;
				CLANG_WARN_EMPTY_BODY = YES;
				CLANG_WARN_ENUM_CONVERSION = YES;
				CLANG_WARN_INT_CONVERSION = YES;
				CLANG_WARN_OBJC_ROOT_CLASS = YES_ERROR;
				CLANG_WARN__DUPLICATE_METHOD_MATCH = YES;
				CODE_SIGN_IDENTITY = "iPhone Distribution: yongsheng liu (K6D5KQ7QKW)";
				"CODE_SIGN_IDENTITY[sdk=iphoneos*]" = "iPhone Distribution: yongsheng liu (K6D5KQ7QKW)";
				COPY_PHASE_STRIP = YES;
				ENABLE_NS_ASSERTIONS = NO;
				GCC_C_LANGUAGE_STANDARD = gnu99;
				GCC_WARN_64_TO_32_BIT_CONVERSION = YES;
				GCC_WARN_ABOUT_RETURN_TYPE = YES_ERROR;
				GCC_WARN_UNDECLARED_SELECTOR = YES;
				GCC_WARN_UNINITIALIZED_AUTOS = YES_AGGRESSIVE;
				GCC_WARN_UNUSED_FUNCTION = YES;
				GCC_WARN_UNUSED_VARIABLE = YES;
				IPHONEOS_DEPLOYMENT_TARGET = 5.0;
				PROVISIONING_PROFILE = "8F7ED6FC-F4D7-43E7-B41E-0131FB8C5A3A";
				SDKROOT = iphoneos;
				TARGETED_DEVICE_FAMILY = "1,2";
				VALIDATE_PRODUCT = YES;
			};
			name = Release;
		};
		F0E2F59D194BFC9000C3CC92 /* Debug */ = {
			isa = XCBuildConfiguration;
			baseConfigurationReference = 8B9D26CF02734AAC976FE9D8 /* Pods.xcconfig */;
			buildSettings = {
				ASSETCATALOG_COMPILER_APPICON_NAME = AppIcon;
				ASSETCATALOG_COMPILER_LAUNCHIMAGE_NAME = LaunchImage;
				CODE_SIGN_IDENTITY = "iPhone Distribution: yongsheng liu (K6D5KQ7QKW)";
				GCC_PRECOMPILE_PREFIX_HEADER = YES;
				GCC_PREFIX_HEADER = "QMPhoto/QMPhoto-Prefix.pch";
				INFOPLIST_FILE = "QMPhoto/QMPhoto-Info.plist";
				IPHONEOS_DEPLOYMENT_TARGET = 6.0;
				LIBRARY_SEARCH_PATHS = (
					"$(inherited)",
					"$(PROJECT_DIR)/QMPhoto/GoogleMobileAdsSdkiOS-6.9.2",
				);
				PRODUCT_NAME = "$(TARGET_NAME)";
				PROVISIONING_PROFILE = "8F7ED6FC-F4D7-43E7-B41E-0131FB8C5A3A";
				TARGETED_DEVICE_FAMILY = 1;
				WRAPPER_EXTENSION = app;
			};
			name = Debug;
		};
		F0E2F59E194BFC9000C3CC92 /* Release */ = {
			isa = XCBuildConfiguration;
			baseConfigurationReference = 8B9D26CF02734AAC976FE9D8 /* Pods.xcconfig */;
			buildSettings = {
				ASSETCATALOG_COMPILER_APPICON_NAME = AppIcon;
				ASSETCATALOG_COMPILER_LAUNCHIMAGE_NAME = LaunchImage;
				CODE_SIGN_IDENTITY = "iPhone Distribution: yongsheng liu (K6D5KQ7QKW)";
				GCC_PRECOMPILE_PREFIX_HEADER = YES;
				GCC_PREFIX_HEADER = "QMPhoto/QMPhoto-Prefix.pch";
				INFOPLIST_FILE = "QMPhoto/QMPhoto-Info.plist";
				IPHONEOS_DEPLOYMENT_TARGET = 6.0;
				LIBRARY_SEARCH_PATHS = (
					"$(inherited)",
					"$(PROJECT_DIR)/QMPhoto/GoogleMobileAdsSdkiOS-6.9.2",
				);
				PRODUCT_NAME = "$(TARGET_NAME)";
				PROVISIONING_PROFILE = "8F7ED6FC-F4D7-43E7-B41E-0131FB8C5A3A";
				TARGETED_DEVICE_FAMILY = 1;
				WRAPPER_EXTENSION = app;
			};
			name = Release;
		};
		F0E2F5A0194BFC9000C3CC92 /* Debug */ = {
			isa = XCBuildConfiguration;
			buildSettings = {
				BUNDLE_LOADER = "$(BUILT_PRODUCTS_DIR)/QMPhoto.app/QMPhoto";
				FRAMEWORK_SEARCH_PATHS = (
					"$(SDKROOT)/Developer/Library/Frameworks",
					"$(inherited)",
					"$(DEVELOPER_FRAMEWORKS_DIR)",
				);
				GCC_PRECOMPILE_PREFIX_HEADER = YES;
				GCC_PREFIX_HEADER = "QMPhoto/QMPhoto-Prefix.pch";
				GCC_PREPROCESSOR_DEFINITIONS = (
					"DEBUG=1",
					"$(inherited)",
				);
				INFOPLIST_FILE = "QMPhotoTests/QMPhotoTests-Info.plist";
				PRODUCT_NAME = "$(TARGET_NAME)";
				TEST_HOST = "$(BUNDLE_LOADER)";
				WRAPPER_EXTENSION = xctest;
			};
			name = Debug;
		};
		F0E2F5A1194BFC9000C3CC92 /* Release */ = {
			isa = XCBuildConfiguration;
			buildSettings = {
				BUNDLE_LOADER = "$(BUILT_PRODUCTS_DIR)/QMPhoto.app/QMPhoto";
				FRAMEWORK_SEARCH_PATHS = (
					"$(SDKROOT)/Developer/Library/Frameworks",
					"$(inherited)",
					"$(DEVELOPER_FRAMEWORKS_DIR)",
				);
				GCC_PRECOMPILE_PREFIX_HEADER = YES;
				GCC_PREFIX_HEADER = "QMPhoto/QMPhoto-Prefix.pch";
				INFOPLIST_FILE = "QMPhotoTests/QMPhotoTests-Info.plist";
				PRODUCT_NAME = "$(TARGET_NAME)";
				TEST_HOST = "$(BUNDLE_LOADER)";
				WRAPPER_EXTENSION = xctest;
			};
			name = Release;
		};
/* End XCBuildConfiguration section */

/* Begin XCConfigurationList section */
		F0E2F562194BFC8F00C3CC92 /* Build configuration list for PBXProject "QMPhoto" */ = {
			isa = XCConfigurationList;
			buildConfigurations = (
				F0E2F59A194BFC9000C3CC92 /* Debug */,
				F0E2F59B194BFC9000C3CC92 /* Release */,
			);
			defaultConfigurationIsVisible = 0;
			defaultConfigurationName = Release;
		};
		F0E2F59C194BFC9000C3CC92 /* Build configuration list for PBXNativeTarget "QMPhoto" */ = {
			isa = XCConfigurationList;
			buildConfigurations = (
				F0E2F59D194BFC9000C3CC92 /* Debug */,
				F0E2F59E194BFC9000C3CC92 /* Release */,
			);
			defaultConfigurationIsVisible = 0;
			defaultConfigurationName = Release;
		};
		F0E2F59F194BFC9000C3CC92 /* Build configuration list for PBXNativeTarget "QMPhotoTests" */ = {
			isa = XCConfigurationList;
			buildConfigurations = (
				F0E2F5A0194BFC9000C3CC92 /* Debug */,
				F0E2F5A1194BFC9000C3CC92 /* Release */,
			);
			defaultConfigurationIsVisible = 0;
			defaultConfigurationName = Release;
		};
/* End XCConfigurationList section */
	};
	rootObject = F0E2F55F194BFC8F00C3CC92 /* Project object */;
}
