// !$*UTF8*$!
{
	archiveVersion = 1;
	classes = {
	};
	objectVersion = 46;
	objects = {

/* Begin PBXBuildFile section */
		F0E2F56B194BFC8F00C3CC92 /* Foundation.framework in Frameworks */ = {isa = PBXBuildFile; fileRef = F0E2F56A194BFC8F00C3CC92 /* Foundation.framework */; };
		F0E2F56D194BFC9000C3CC92 /* CoreGraphics.framework in Frameworks */ = {isa = PBXBuildFile; fileRef = F0E2F56C194BFC9000C3CC92 /* CoreGraphics.framework */; };
		F0E2F56F194BFC9000C3CC92 /* UIKit.framework in Frameworks */ = {isa = PBXBuildFile; fileRef = F0E2F56E194BFC9000C3CC92 /* UIKit.framework */; };
		F0E2F575194BFC9000C3CC92 /* InfoPlist.strings in Resources */ = {isa = PBXBuildFile; fileRef = F0E2F573194BFC9000C3CC92 /* InfoPlist.strings */; };
		F0E2F577194BFC9000C3CC92 /* main.m in Sources */ = {isa = PBXBuildFile; fileRef = F0E2F576194BFC9000C3CC92 /* main.m */; };
		F0E2F57B194BFC9000C3CC92 /* AppDelegate.m in Sources */ = {isa = PBXBuildFile; fileRef = F0E2F57A194BFC9000C3CC92 /* AppDelegate.m */; };
		F0E2F57E194BFC9000C3CC92 /* Main_iPhone.storyboard in Resources */ = {isa = PBXBuildFile; fileRef = F0E2F57C194BFC9000C3CC92 /* Main_iPhone.storyboard */; };
		F0E2F581194BFC9000C3CC92 /* Main_iPad.storyboard in Resources */ = {isa = PBXBuildFile; fileRef = F0E2F57F194BFC9000C3CC92 /* Main_iPad.storyboard */; };
		F0E2F584194BFC9000C3CC92 /* ViewController.m in Sources */ = {isa = PBXBuildFile; fileRef = F0E2F583194BFC9000C3CC92 /* ViewController.m */; };
		F0E2F586194BFC9000C3CC92 /* Images.xcassets in Resources */ = {isa = PBXBuildFile; fileRef = F0E2F585194BFC9000C3CC92 /* Images.xcassets */; };
		F0E2F58D194BFC9000C3CC92 /* XCTest.framework in Frameworks */ = {isa = PBXBuildFile; fileRef = F0E2F58C194BFC9000C3CC92 /* XCTest.framework */; };
		F0E2F58E194BFC9000C3CC92 /* Foundation.framework in Frameworks */ = {isa = PBXBuildFile; fileRef = F0E2F56A194BFC8F00C3CC92 /* Foundation.framework */; };
		F0E2F58F194BFC9000C3CC92 /* UIKit.framework in Frameworks */ = {isa = PBXBuildFile; fileRef = F0E2F56E194BFC9000C3CC92 /* UIKit.framework */; };
		F0E2F597194BFC9000C3CC92 /* InfoPlist.strings in Resources */ = {isa = PBXBuildFile; fileRef = F0E2F595194BFC9000C3CC92 /* InfoPlist.strings */; };
		F0E2F599194BFC9000C3CC92 /* QMPhotoTests.m in Sources */ = {isa = PBXBuildFile; fileRef = F0E2F598194BFC9000C3CC92 /* QMPhotoTests.m */; };
/* End PBXBuildFile section */

/* Begin PBXContainerItemProxy section */
		F0E2F590194BFC9000C3CC92 /* PBXContainerItemProxy */ = {
			isa = PBXContainerItemProxy;
			containerPortal = F0E2F55F194BFC8F00C3CC92 /* Project object */;
			proxyType = 1;
			remoteGlobalIDString = F0E2F566194BFC8F00C3CC92;
			remoteInfo = QMPhoto;
		};
/* End PBXContainerItemProxy section */

/* Begin PBXFileReference section */
		F0E2F567194BFC8F00C3CC92 /* QMPhoto.app */ = {isa = PBXFileReference; explicitFileType = wrapper.application; includeInIndex = 0; path = QMPhoto.app; sourceTree = BUILT_PRODUCTS_DIR; };
		F0E2F56A194BFC8F00C3CC92 /* Foundation.framework */ = {isa = PBXFileReference; lastKnownFileType = wrapper.framework; name = Foundation.framework; path = System/Library/Frameworks/Foundation.framework; sourceTree = SDKROOT; };
		F0E2F56C194BFC9000C3CC92 /* CoreGraphics.framework */ = {isa = PBXFileReference; lastKnownFileType = wrapper.framework; name = CoreGraphics.framework; path = System/Library/Frameworks/CoreGraphics.framework; sourceTree = SDKROOT; };
		F0E2F56E194BFC9000C3CC92 /* UIKit.framework */ = {isa = PBXFileReference; lastKnownFileType = wrapper.framework; name = UIKit.framework; path = System/Library/Frameworks/UIKit.framework; sourceTree = SDKROOT; };
		F0E2F572194BFC9000C3CC92 /* QMPhoto-Info.plist */ = {isa = PBXFileReference; lastKnownFileType = text.plist.xml; path = "QMPhoto-Info.plist"; sourceTree = "<group>"; };
		F0E2F574194BFC9000C3CC92 /* en */ = {isa = PBXFileReference; lastKnownFileType = text.plist.strings; name = en; path = en.lproj/InfoPlist.strings; sourceTree = "<group>"; };
		F0E2F576194BFC9000C3CC92 /* main.m */ = {isa = PBXFileReference; lastKnownFileType = sourcecode.c.objc; path = main.m; sourceTree = "<group>"; };
		F0E2F578194BFC9000C3CC92 /* QMPhoto-Prefix.pch */ = {isa = PBXFileReference; lastKnownFileType = sourcecode.c.h; path = "QMPhoto-Prefix.pch"; sourceTree = "<group>"; };
		F0E2F579194BFC9000C3CC92 /* AppDelegate.h */ = {isa = PBXFileReference; lastKnownFileType = sourcecode.c.h; path = AppDelegate.h; sourceTree = "<group>"; };
		F0E2F57A194BFC9000C3CC92 /* AppDelegate.m */ = {isa = PBXFileReference; lastKnownFileType = sourcecode.c.objc; path = AppDelegate.m; sourceTree = "<group>"; };
		F0E2F57D194BFC9000C3CC92 /* Base */ = {isa = PBXFileReference; lastKnownFileType = file.storyboard; name = Base; path = Base.lproj/Main_iPhone.storyboard; sourceTree = "<group>"; };
		F0E2F580194BFC9000C3CC92 /* Base */ = {isa = PBXFileReference; lastKnownFileType = file.storyboard; name = Base; path = Base.lproj/Main_iPad.storyboard; sourceTree = "<group>"; };
		F0E2F582194BFC9000C3CC92 /* ViewController.h */ = {isa = PBXFileReference; lastKnownFileType = sourcecode.c.h; path = ViewController.h; sourceTree = "<group>"; };
		F0E2F583194BFC9000C3CC92 /* ViewController.m */ = {isa = PBXFileReference; lastKnownFileType = sourcecode.c.objc; path = ViewController.m; sourceTree = "<group>"; };
		F0E2F585194BFC9000C3CC92 /* Images.xcassets */ = {isa = PBXFileReference; lastKnownFileType = folder.assetcatalog; path = Images.xcassets; sourceTree = "<group>"; };
		F0E2F58B194BFC9000C3CC92 /* QMPhotoTests.xctest */ = {isa = PBXFileReference; explicitFileType = wrapper.cfbundle; includeInIndex = 0; path = QMPhotoTests.xctest; sourceTree = BUILT_PRODUCTS_DIR; };
		F0E2F58C194BFC9000C3CC92 /* XCTest.framework */ = {isa = PBXFileReference; lastKnownFileType = wrapper.framework; name = XCTest.framework; path = Library/Frameworks/XCTest.framework; sourceTree = DEVELOPER_DIR; };
		F0E2F594194BFC9000C3CC92 /* QMPhotoTests-Info.plist */ = {isa = PBXFileReference; lastKnownFileType = text.plist.xml; path = "QMPhotoTests-Info.plist"; sourceTree = "<group>"; };
		F0E2F596194BFC9000C3CC92 /* en */ = {isa = PBXFileReference; lastKnownFileType = text.plist.strings; name = en; path = en.lproj/InfoPlist.strings; sourceTree = "<group>"; };
		F0E2F598194BFC9000C3CC92 /* QMPhotoTests.m */ = {isa = PBXFileReference; lastKnownFileType = sourcecode.c.objc; path = QMPhotoTests.m; sourceTree = "<group>"; };
/* End PBXFileReference section */

/* Begin PBXFrameworksBuildPhase section */
		F0E2F564194BFC8F00C3CC92 /* Frameworks */ = {
			isa = PBXFrameworksBuildPhase;
			buildActionMask = 2147483647;
			files = (
				F0E2F56D194BFC9000C3CC92 /* CoreGraphics.framework in Frameworks */,
				F0E2F56F194BFC9000C3CC92 /* UIKit.framework in Frameworks */,
				F0E2F56B194BFC8F00C3CC92 /* Foundation.framework in Frameworks */,
			);
			runOnlyForDeploymentPostprocessing = 0;
		};
		F0E2F588194BFC9000C3CC92 /* Frameworks */ = {
			isa = PBXFrameworksBuildPhase;
			buildActionMask = 2147483647;
			files = (
				F0E2F58D194BFC9000C3CC92 /* XCTest.framework in Frameworks */,
				F0E2F58F194BFC9000C3CC92 /* UIKit.framework in Frameworks */,
				F0E2F58E194BFC9000C3CC92 /* Foundation.framework in Frameworks */,
			);
			runOnlyForDeploymentPostprocessing = 0;
		};
/* End PBXFrameworksBuildPhase section */

/* Begin PBXGroup section */
		F0E2F55E194BFC8F00C3CC92 = {
			isa = PBXGroup;
			children = (
				F0E2F570194BFC9000C3CC92 /* QMPhoto */,
				F0E2F592194BFC9000C3CC92 /* QMPhotoTests */,
				F0E2F569194BFC8F00C3CC92 /* Frameworks */,
				F0E2F568194BFC8F00C3CC92 /* Products */,
			);
			sourceTree = "<group>";
		};
		F0E2F568194BFC8F00C3CC92 /* Products */ = {
			isa = PBXGroup;
			children = (
				F0E2F567194BFC8F00C3CC92 /* QMPhoto.app */,
				F0E2F58B194BFC9000C3CC92 /* QMPhotoTests.xctest */,
			);
			name = Products;
			sourceTree = "<group>";
		};
		F0E2F569194BFC8F00C3CC92 /* Frameworks */ = {
			isa = PBXGroup;
			children = (
				F0E2F56A194BFC8F00C3CC92 /* Foundation.framework */,
				F0E2F56C194BFC9000C3CC92 /* CoreGraphics.framework */,
				F0E2F56E194BFC9000C3CC92 /* UIKit.framework */,
				F0E2F58C194BFC9000C3CC92 /* XCTest.framework */,
			);
			name = Frameworks;
			sourceTree = "<group>";
		};
		F0E2F570194BFC9000C3CC92 /* QMPhoto */ = {
			isa = PBXGroup;
			children = (
				F0E2F579194BFC9000C3CC92 /* AppDelegate.h */,
				F0E2F57A194BFC9000C3CC92 /* AppDelegate.m */,
				F0E2F57C194BFC9000C3CC92 /* Main_iPhone.storyboard */,
				F0E2F57F194BFC9000C3CC92 /* Main_iPad.storyboard */,
				F0E2F582194BFC9000C3CC92 /* ViewController.h */,
				F0E2F583194BFC9000C3CC92 /* ViewController.m */,
				F0E2F585194BFC9000C3CC92 /* Images.xcassets */,
				F0E2F571194BFC9000C3CC92 /* Supporting Files */,
			);
			path = QMPhoto;
			sourceTree = "<group>";
		};
		F0E2F571194BFC9000C3CC92 /* Supporting Files */ = {
			isa = PBXGroup;
			children = (
				F0E2F572194BFC9000C3CC92 /* QMPhoto-Info.plist */,
				F0E2F573194BFC9000C3CC92 /* InfoPlist.strings */,
				F0E2F576194BFC9000C3CC92 /* main.m */,
				F0E2F578194BFC9000C3CC92 /* QMPhoto-Prefix.pch */,
			);
			name = "Supporting Files";
			sourceTree = "<group>";
		};
		F0E2F592194BFC9000C3CC92 /* QMPhotoTests */ = {
			isa = PBXGroup;
			children = (
				F0E2F598194BFC9000C3CC92 /* QMPhotoTests.m */,
				F0E2F593194BFC9000C3CC92 /* Supporting Files */,
			);
			path = QMPhotoTests;
			sourceTree = "<group>";
		};
		F0E2F593194BFC9000C3CC92 /* Supporting Files */ = {
			isa = PBXGroup;
			children = (
				F0E2F594194BFC9000C3CC92 /* QMPhotoTests-Info.plist */,
				F0E2F595194BFC9000C3CC92 /* InfoPlist.strings */,
			);
			name = "Supporting Files";
			sourceTree = "<group>";
		};
/* End PBXGroup section */

/* Begin PBXNativeTarget section */
		F0E2F566194BFC8F00C3CC92 /* QMPhoto */ = {
			isa = PBXNativeTarget;
			buildConfigurationList = F0E2F59C194BFC9000C3CC92 /* Build configuration list for PBXNativeTarget "QMPhoto" */;
			buildPhases = (
				F0E2F563194BFC8F00C3CC92 /* Sources */,
				F0E2F564194BFC8F00C3CC92 /* Frameworks */,
				F0E2F565194BFC8F00C3CC92 /* Resources */,
			);
			buildRules = (
			);
			dependencies = (
			);
			name = QMPhoto;
			productName = QMPhoto;
			productReference = F0E2F567194BFC8F00C3CC92 /* QMPhoto.app */;
			productType = "com.apple.product-type.application";
		};
		F0E2F58A194BFC9000C3CC92 /* QMPhotoTests */ = {
			isa = PBXNativeTarget;
			buildConfigurationList = F0E2F59F194BFC9000C3CC92 /* Build configuration list for PBXNativeTarget "QMPhotoTests" */;
			buildPhases = (
				F0E2F587194BFC9000C3CC92 /* Sources */,
				F0E2F588194BFC9000C3CC92 /* Frameworks */,
				F0E2F589194BFC9000C3CC92 /* Resources */,
			);
			buildRules = (
			);
			dependencies = (
				F0E2F591194BFC9000C3CC92 /* PBXTargetDependency */,
			);
			name = QMPhotoTests;
			productName = QMPhotoTests;
			productReference = F0E2F58B194BFC9000C3CC92 /* QMPhotoTests.xctest */;
			productType = "com.apple.product-type.bundle.unit-test";
		};
/* End PBXNativeTarget section */

/* Begin PBXProject section */
		F0E2F55F194BFC8F00C3CC92 /* Project object */ = {
			isa = PBXProject;
			attributes = {
				LastUpgradeCheck = 0510;
				ORGANIZATIONNAME = QiMengJin_LYS;
				TargetAttributes = {
					F0E2F58A194BFC9000C3CC92 = {
						TestTargetID = F0E2F566194BFC8F00C3CC92;
					};
				};
			};
			buildConfigurationList = F0E2F562194BFC8F00C3CC92 /* Build configuration list for PBXProject "QMPhoto" */;
			compatibilityVersion = "Xcode 3.2";
			developmentRegion = English;
			hasScannedForEncodings = 0;
			knownRegions = (
				en,
				Base,
			);
			mainGroup = F0E2F55E194BFC8F00C3CC92;
			productRefGroup = F0E2F568194BFC8F00C3CC92 /* Products */;
			projectDirPath = "";
			projectRoot = "";
			targets = (
				F0E2F566194BFC8F00C3CC92 /* QMPhoto */,
				F0E2F58A194BFC9000C3CC92 /* QMPhotoTests */,
			);
		};
/* End PBXProject section */

/* Begin PBXResourcesBuildPhase section */
		F0E2F565194BFC8F00C3CC92 /* Resources */ = {
			isa = PBXResourcesBuildPhase;
			buildActionMask = 2147483647;
			files = (
				F0E2F581194BFC9000C3CC92 /* Main_iPad.storyboard in Resources */,
				F0E2F586194BFC9000C3CC92 /* Images.xcassets in Resources */,
				F0E2F57E194BFC9000C3CC92 /* Main_iPhone.storyboard in Resources */,
				F0E2F575194BFC9000C3CC92 /* InfoPlist.strings in Resources */,
			);
			runOnlyForDeploymentPostprocessing = 0;
		};
		F0E2F589194BFC9000C3CC92 /* Resources */ = {
			isa = PBXResourcesBuildPhase;
			buildActionMask = 2147483647;
			files = (
				F0E2F597194BFC9000C3CC92 /* InfoPlist.strings in Resources */,
			);
			runOnlyForDeploymentPostprocessing = 0;
		};
/* End PBXResourcesBuildPhase section */

/* Begin PBXSourcesBuildPhase section */
		F0E2F563194BFC8F00C3CC92 /* Sources */ = {
			isa = PBXSourcesBuildPhase;
			buildActionMask = 2147483647;
			files = (
				F0E2F584194BFC9000C3CC92 /* ViewController.m in Sources */,
				F0E2F57B194BFC9000C3CC92 /* AppDelegate.m in Sources */,
				F0E2F577194BFC9000C3CC92 /* main.m in Sources */,
			);
			runOnlyForDeploymentPostprocessing = 0;
		};
		F0E2F587194BFC9000C3CC92 /* Sources */ = {
			isa = PBXSourcesBuildPhase;
			buildActionMask = 2147483647;
			files = (
				F0E2F599194BFC9000C3CC92 /* QMPhotoTests.m in Sources */,
			);
			runOnlyForDeploymentPostprocessing = 0;
		};
/* End PBXSourcesBuildPhase section */

/* Begin PBXTargetDependency section */
		F0E2F591194BFC9000C3CC92 /* PBXTargetDependency */ = {
			isa = PBXTargetDependency;
			target = F0E2F566194BFC8F00C3CC92 /* QMPhoto */;
			targetProxy = F0E2F590194BFC9000C3CC92 /* PBXContainerItemProxy */;
		};
/* End PBXTargetDependency section */

/* Begin PBXVariantGroup section */
		F0E2F573194BFC9000C3CC92 /* InfoPlist.strings */ = {
			isa = PBXVariantGroup;
			children = (
				F0E2F574194BFC9000C3CC92 /* en */,
			);
			name = InfoPlist.strings;
			sourceTree = "<group>";
		};
		F0E2F57C194BFC9000C3CC92 /* Main_iPhone.storyboard */ = {
			isa = PBXVariantGroup;
			children = (
				F0E2F57D194BFC9000C3CC92 /* Base */,
			);
			name = Main_iPhone.storyboard;
			sourceTree = "<group>";
		};
		F0E2F57F194BFC9000C3CC92 /* Main_iPad.storyboard */ = {
			isa = PBXVariantGroup;
			children = (
				F0E2F580194BFC9000C3CC92 /* Base */,
			);
			name = Main_iPad.storyboard;
			sourceTree = "<group>";
		};
		F0E2F595194BFC9000C3CC92 /* InfoPlist.strings */ = {
			isa = PBXVariantGroup;
			children = (
				F0E2F596194BFC9000C3CC92 /* en */,
			);
			name = InfoPlist.strings;
			sourceTree = "<group>";
		};
/* End PBXVariantGroup section */

/* Begin XCBuildConfiguration section */
		F0E2F59A194BFC9000C3CC92 /* Debug */ = {
			isa = XCBuildConfiguration;
			buildSettings = {
				ALWAYS_SEARCH_USER_PATHS = NO;
				CLANG_CXX_LANGUAGE_STANDARD = "gnu++0x";
				CLANG_CXX_LIBRARY = "libc++";
				CLANG_ENABLE_MODULES = YES;
				CLANG_ENABLE_OBJC_ARC = YES;
				CLANG_WARN_BOOL_CONVERSION = YES;
				CLANG_WARN_CONSTANT_CONVERSION = YES;
				CLANG_WARN_DIRECT_OBJC_ISA_USAGE = YES_ERROR;
				CLANG_WARN_EMPTY_BODY = YES;
				CLANG_WARN_ENUM_CONVERSION = YES;
				CLANG_WARN_INT_CONVERSION = YES;
				CLANG_WARN_OBJC_ROOT_CLASS = YES_ERROR;
				CLANG_WARN__DUPLICATE_METHOD_MATCH = YES;
				"CODE_SIGN_IDENTITY[sdk=iphoneos*]" = "iPhone Developer";
				COPY_PHASE_STRIP = NO;
				GCC_C_LANGUAGE_STANDARD = gnu99;
				GCC_DYNAMIC_NO_PIC = NO;
				GCC_OPTIMIZATION_LEVEL = 0;
				GCC_PREPROCESSOR_DEFINITIONS = (
					"DEBUG=1",
					"$(inherited)",
				);
				GCC_SYMBOLS_PRIVATE_EXTERN = NO;
				GCC_WARN_64_TO_32_BIT_CONVERSION = YES;
				GCC_WARN_ABOUT_RETURN_TYPE = YES_ERROR;
				GCC_WARN_UNDECLARED_SELECTOR = YES;
				GCC_WARN_UNINITIALIZED_AUTOS = YES_AGGRESSIVE;
				GCC_WARN_UNUSED_FUNCTION = YES;
				GCC_WARN_UNUSED_VARIABLE = YES;
				IPHONEOS_DEPLOYMENT_TARGET = 7.1;
				ONLY_ACTIVE_ARCH = YES;
				SDKROOT = iphoneos;
				TARGETED_DEVICE_FAMILY = "1,2";
			};
			name = Debug;
		};
		F0E2F59B194BFC9000C3CC92 /* Release */ = {
			isa = XCBuildConfiguration;
			buildSettings = {
				ALWAYS_SEARCH_USER_PATHS = NO;
				CLANG_CXX_LANGUAGE_STANDARD = "gnu++0x";
				CLANG_CXX_LIBRARY = "libc++";
				CLANG_ENABLE_MODULES = YES;
				CLANG_ENABLE_OBJC_ARC = YES;
				CLANG_WARN_BOOL_CONVERSION = YES;
				CLANG_WARN_CONSTANT_CONVERSION = YES;
				CLANG_WARN_DIRECT_OBJC_ISA_USAGE = YES_ERROR;
				CLANG_WARN_EMPTY_BODY = YES;
				CLANG_WARN_ENUM_CONVERSION = YES;
				CLANG_WARN_INT_CONVERSION = YES;
				CLANG_WARN_OBJC_ROOT_CLASS = YES_ERROR;
				CLANG_WARN__DUPLICATE_METHOD_MATCH = YES;
				"CODE_SIGN_IDENTITY[sdk=iphoneos*]" = "iPhone Developer";
				COPY_PHASE_STRIP = YES;
				ENABLE_NS_ASSERTIONS = NO;
				GCC_C_LANGUAGE_STANDARD = gnu99;
				GCC_WARN_64_TO_32_BIT_CONVERSION = YES;
				GCC_WARN_ABOUT_RETURN_TYPE = YES_ERROR;
				GCC_WARN_UNDECLARED_SELECTOR = YES;
				GCC_WARN_UNINITIALIZED_AUTOS = YES_AGGRESSIVE;
				GCC_WARN_UNUSED_FUNCTION = YES;
				GCC_WARN_UNUSED_VARIABLE = YES;
				IPHONEOS_DEPLOYMENT_TARGET = 7.1;
				SDKROOT = iphoneos;
				TARGETED_DEVICE_FAMILY = "1,2";
				VALIDATE_PRODUCT = YES;
			};
			name = Release;
		};
		F0E2F59D194BFC9000C3CC92 /* Debug */ = {
			isa = XCBuildConfiguration;
			buildSettings = {
				ASSETCATALOG_COMPILER_APPICON_NAME = AppIcon;
				ASSETCATALOG_COMPILER_LAUNCHIMAGE_NAME = LaunchImage;
				GCC_PRECOMPILE_PREFIX_HEADER = YES;
				GCC_PREFIX_HEADER = "QMPhoto/QMPhoto-Prefix.pch";
				INFOPLIST_FILE = "QMPhoto/QMPhoto-Info.plist";
				PRODUCT_NAME = "$(TARGET_NAME)";
				WRAPPER_EXTENSION = app;
			};
			name = Debug;
		};
		F0E2F59E194BFC9000C3CC92 /* Release */ = {
			isa = XCBuildConfiguration;
			buildSettings = {
				ASSETCATALOG_COMPILER_APPICON_NAME = AppIcon;
				ASSETCATALOG_COMPILER_LAUNCHIMAGE_NAME = LaunchImage;
				GCC_PRECOMPILE_PREFIX_HEADER = YES;
				GCC_PREFIX_HEADER = "QMPhoto/QMPhoto-Prefix.pch";
				INFOPLIST_FILE = "QMPhoto/QMPhoto-Info.plist";
				PRODUCT_NAME = "$(TARGET_NAME)";
				WRAPPER_EXTENSION = app;
			};
			name = Release;
		};
		F0E2F5A0194BFC9000C3CC92 /* Debug */ = {
			isa = XCBuildConfiguration;
			buildSettings = {
				BUNDLE_LOADER = "$(BUILT_PRODUCTS_DIR)/QMPhoto.app/QMPhoto";
				FRAMEWORK_SEARCH_PATHS = (
					"$(SDKROOT)/Developer/Library/Frameworks",
					"$(inherited)",
					"$(DEVELOPER_FRAMEWORKS_DIR)",
				);
				GCC_PRECOMPILE_PREFIX_HEADER = YES;
				GCC_PREFIX_HEADER = "QMPhoto/QMPhoto-Prefix.pch";
				GCC_PREPROCESSOR_DEFINITIONS = (
					"DEBUG=1",
					"$(inherited)",
				);
				INFOPLIST_FILE = "QMPhotoTests/QMPhotoTests-Info.plist";
				PRODUCT_NAME = "$(TARGET_NAME)";
				TEST_HOST = "$(BUNDLE_LOADER)";
				WRAPPER_EXTENSION = xctest;
			};
			name = Debug;
		};
		F0E2F5A1194BFC9000C3CC92 /* Release */ = {
			isa = XCBuildConfiguration;
			buildSettings = {
				BUNDLE_LOADER = "$(BUILT_PRODUCTS_DIR)/QMPhoto.app/QMPhoto";
				FRAMEWORK_SEARCH_PATHS = (
					"$(SDKROOT)/Developer/Library/Frameworks",
					"$(inherited)",
					"$(DEVELOPER_FRAMEWORKS_DIR)",
				);
				GCC_PRECOMPILE_PREFIX_HEADER = YES;
				GCC_PREFIX_HEADER = "QMPhoto/QMPhoto-Prefix.pch";
				INFOPLIST_FILE = "QMPhotoTests/QMPhotoTests-Info.plist";
				PRODUCT_NAME = "$(TARGET_NAME)";
				TEST_HOST = "$(BUNDLE_LOADER)";
				WRAPPER_EXTENSION = xctest;
			};
			name = Release;
		};
/* End XCBuildConfiguration section */

/* Begin XCConfigurationList section */
		F0E2F562194BFC8F00C3CC92 /* Build configuration list for PBXProject "QMPhoto" */ = {
			isa = XCConfigurationList;
			buildConfigurations = (
				F0E2F59A194BFC9000C3CC92 /* Debug */,
				F0E2F59B194BFC9000C3CC92 /* Release */,
			);
			defaultConfigurationIsVisible = 0;
			defaultConfigurationName = Release;
		};
		F0E2F59C194BFC9000C3CC92 /* Build configuration list for PBXNativeTarget "QMPhoto" */ = {
			isa = XCConfigurationList;
			buildConfigurations = (
				F0E2F59D194BFC9000C3CC92 /* Debug */,
				F0E2F59E194BFC9000C3CC92 /* Release */,
			);
			defaultConfigurationIsVisible = 0;
		};
		F0E2F59F194BFC9000C3CC92 /* Build configuration list for PBXNativeTarget "QMPhotoTests" */ = {
			isa = XCConfigurationList;
			buildConfigurations = (
				F0E2F5A0194BFC9000C3CC92 /* Debug */,
				F0E2F5A1194BFC9000C3CC92 /* Release */,
			);
			defaultConfigurationIsVisible = 0;
		};
/* End XCConfigurationList section */
	};
	rootObject = F0E2F55F194BFC8F00C3CC92 /* Project object */;
}
